// !$*UTF8*$!
{
	archiveVersion = 1;
	classes = {
	};
	objectVersion = 46;
	objects = {

/* Begin PBXBuildFile section */
		BE0482121C874000005589E5 /* DataProtocols.swift in Sources */ = {isa = PBXBuildFile; fileRef = BEAAE3FD1C7B7C2D003C90BC /* DataProtocols.swift */; };
		BE0482131C874000005589E5 /* JSONProtocols.swift in Sources */ = {isa = PBXBuildFile; fileRef = BE3645431C85B3CD006C23AD /* JSONProtocols.swift */; };
		BE0482141C874000005589E5 /* NURE.swift in Sources */ = {isa = PBXBuildFile; fileRef = BEAAE3FE1C7B7C2D003C90BC /* NURE.swift */; };
		BE0482151C874000005589E5 /* SwiftyNURE+JSONProtocols.swift in Sources */ = {isa = PBXBuildFile; fileRef = BE080C2A1C8711340019966A /* SwiftyNURE+JSONProtocols.swift */; };
		BE0482161C874004005589E5 /* TimetableProvider.swift in Sources */ = {isa = PBXBuildFile; fileRef = BEAAE3FF1C7B7C2D003C90BC /* TimetableProvider.swift */; };
		BE0482171C874004005589E5 /* GroupsProvider.swift in Sources */ = {isa = PBXBuildFile; fileRef = BEAAE4001C7B7C2D003C90BC /* GroupsProvider.swift */; };
		BE0482181C874004005589E5 /* TeachersProvider.swift in Sources */ = {isa = PBXBuildFile; fileRef = BEAAE4011C7B7C2D003C90BC /* TeachersProvider.swift */; };
		BE0482191C874004005589E5 /* UniversityProvider.swift in Sources */ = {isa = PBXBuildFile; fileRef = BEAAE4021C7B7C2D003C90BC /* UniversityProvider.swift */; };
		BE04821A1C874007005589E5 /* Event.swift in Sources */ = {isa = PBXBuildFile; fileRef = BEAAE4031C7B7C2D003C90BC /* Event.swift */; };
		BE04821B1C874007005589E5 /* Timetable.swift in Sources */ = {isa = PBXBuildFile; fileRef = BEAAE4041C7B7C2D003C90BC /* Timetable.swift */; };
		BE04821C1C874007005589E5 /* Subject.swift in Sources */ = {isa = PBXBuildFile; fileRef = BEAAE4051C7B7C2D003C90BC /* Subject.swift */; };
		BE04821D1C874007005589E5 /* Teacher.swift in Sources */ = {isa = PBXBuildFile; fileRef = BEAAE4061C7B7C2D003C90BC /* Teacher.swift */; };
		BE04821E1C874007005589E5 /* Group.swift in Sources */ = {isa = PBXBuildFile; fileRef = BEAAE4071C7B7C2D003C90BC /* Group.swift */; };
		BE04821F1C874007005589E5 /* EventType.swift in Sources */ = {isa = PBXBuildFile; fileRef = BEAAE4081C7B7C2D003C90BC /* EventType.swift */; };
		BE0482201C87400B005589E5 /* Parser.swift in Sources */ = {isa = PBXBuildFile; fileRef = BEAAE4091C7B7C2D003C90BC /* Parser.swift */; };
		BE0482211C87400B005589E5 /* TimetableParser.swift in Sources */ = {isa = PBXBuildFile; fileRef = BEAAE40A1C7B7C2D003C90BC /* TimetableParser.swift */; };
		BE0482221C87400B005589E5 /* SubjectParser.swift in Sources */ = {isa = PBXBuildFile; fileRef = BEAAE40B1C7B7C2D003C90BC /* SubjectParser.swift */; };
		BE0482231C87400B005589E5 /* TeacherParser.swift in Sources */ = {isa = PBXBuildFile; fileRef = BEAAE40C1C7B7C2D003C90BC /* TeacherParser.swift */; };
		BE0482241C87400B005589E5 /* GroupParser.swift in Sources */ = {isa = PBXBuildFile; fileRef = BEAAE40D1C7B7C2D003C90BC /* GroupParser.swift */; };
		BE0482251C87400B005589E5 /* EventTypeParser.swift in Sources */ = {isa = PBXBuildFile; fileRef = BEAAE40E1C7B7C2D003C90BC /* EventTypeParser.swift */; };
		BE0482261C87400B005589E5 /* DateParser.swift in Sources */ = {isa = PBXBuildFile; fileRef = BEAAE40F1C7B7C2D003C90BC /* DateParser.swift */; };
		BE0482271C87400B005589E5 /* GroupsParser.swift in Sources */ = {isa = PBXBuildFile; fileRef = BE080C211C86FE280019966A /* GroupsParser.swift */; };
		BE0482281C87400B005589E5 /* TeachersParser.swift in Sources */ = {isa = PBXBuildFile; fileRef = BE080C231C87020B0019966A /* TeachersParser.swift */; };
		BE0482291C87400B005589E5 /* University.swift in Sources */ = {isa = PBXBuildFile; fileRef = BEAAE4161C7B7C2D003C90BC /* University.swift */; };
		BE04822C1C87401F005589E5 /* EezehRequests.framework in Frameworks */ = {isa = PBXBuildFile; fileRef = BE04822B1C87401F005589E5 /* EezehRequests.framework */; };
		BE04822E1C874040005589E5 /* EezehRequests.framework in CopyFiles */ = {isa = PBXBuildFile; fileRef = BE04822B1C87401F005589E5 /* EezehRequests.framework */; settings = {ATTRIBUTES = (CodeSignOnCopy, RemoveHeadersOnCopy, ); }; };
		BE04822F1C874072005589E5 /* SwiftyNURE.h in Headers */ = {isa = PBXBuildFile; fileRef = BEAAE3E51C7B7BFA003C90BC /* SwiftyNURE.h */; settings = {ATTRIBUTES = (Public, ); }; };
		BE04823E1C8740ED005589E5 /* EezehRequests.framework in Frameworks */ = {isa = PBXBuildFile; fileRef = BE04823D1C8740ED005589E5 /* EezehRequests.framework */; };
		BE0482401C87410A005589E5 /* EezehRequests.framework in CopyFiles */ = {isa = PBXBuildFile; fileRef = BE04823D1C8740ED005589E5 /* EezehRequests.framework */; settings = {ATTRIBUTES = (CodeSignOnCopy, RemoveHeadersOnCopy, ); }; };
		BE080C171C86F0D00019966A /* EezehRequests.framework in Frameworks */ = {isa = PBXBuildFile; fileRef = BE080C161C86F0D00019966A /* EezehRequests.framework */; };
		BE080C181C86F0DA0019966A /* EezehRequests.framework in CopyFiles */ = {isa = PBXBuildFile; fileRef = BE080C161C86F0D00019966A /* EezehRequests.framework */; settings = {ATTRIBUTES = (CodeSignOnCopy, RemoveHeadersOnCopy, ); }; };
		BE080C191C86FD0A0019966A /* EezehRequests.framework in Frameworks */ = {isa = PBXBuildFile; fileRef = BE080C161C86F0D00019966A /* EezehRequests.framework */; };
		BE080C1A1C86FD0C0019966A /* EezehRequests.framework in CopyFiles */ = {isa = PBXBuildFile; fileRef = BE080C161C86F0D00019966A /* EezehRequests.framework */; settings = {ATTRIBUTES = (CodeSignOnCopy, RemoveHeadersOnCopy, ); }; };
		BE080C1B1C86FDED0019966A /* GroupsProvider.swift in Sources */ = {isa = PBXBuildFile; fileRef = BEAAE4001C7B7C2D003C90BC /* GroupsProvider.swift */; };
		BE080C1E1C86FDF60019966A /* GroupsProviderTests.swift in Sources */ = {isa = PBXBuildFile; fileRef = BEAAE4341C7B7C3C003C90BC /* GroupsProviderTests.swift */; };
		BE080C221C86FE280019966A /* GroupsParser.swift in Sources */ = {isa = PBXBuildFile; fileRef = BE080C211C86FE280019966A /* GroupsParser.swift */; };
		BE080C251C8705880019966A /* TeachersProvider.swift in Sources */ = {isa = PBXBuildFile; fileRef = BEAAE4011C7B7C2D003C90BC /* TeachersProvider.swift */; };
		BE080C261C87058B0019966A /* UniversityProvider.swift in Sources */ = {isa = PBXBuildFile; fileRef = BEAAE4021C7B7C2D003C90BC /* UniversityProvider.swift */; };
		BE080C271C87058F0019966A /* TeachersParser.swift in Sources */ = {isa = PBXBuildFile; fileRef = BE080C231C87020B0019966A /* TeachersParser.swift */; };
		BE080C281C8707610019966A /* TeachersProviderTests.swift in Sources */ = {isa = PBXBuildFile; fileRef = BEAAE4361C7B7C3C003C90BC /* TeachersProviderTests.swift */; };
		BE080C2B1C8711340019966A /* SwiftyNURE+JSONProtocols.swift in Sources */ = {isa = PBXBuildFile; fileRef = BE080C2A1C8711340019966A /* SwiftyNURE+JSONProtocols.swift */; };
		BE22E4A61C871D8F0069483F /* UniversityProviderTests.swift in Sources */ = {isa = PBXBuildFile; fileRef = BEAAE4371C7B7C3C003C90BC /* UniversityProviderTests.swift */; };
		BE22E4B61C8728F00069483F /* SwiftyNURE.framework in Frameworks */ = {isa = PBXBuildFile; fileRef = BE22E4AC1C8728F00069483F /* SwiftyNURE.framework */; };
		BE22E4C61C87298F0069483F /* SwiftyNURE.h in Headers */ = {isa = PBXBuildFile; fileRef = BEAAE3E51C7B7BFA003C90BC /* SwiftyNURE.h */; settings = {ATTRIBUTES = (Public, ); }; };
		BE22E4C71C8729BB0069483F /* DataProtocols.swift in Sources */ = {isa = PBXBuildFile; fileRef = BEAAE3FD1C7B7C2D003C90BC /* DataProtocols.swift */; };
		BE22E4C81C8729BB0069483F /* JSONProtocols.swift in Sources */ = {isa = PBXBuildFile; fileRef = BE3645431C85B3CD006C23AD /* JSONProtocols.swift */; };
		BE22E4C91C8729BB0069483F /* NURE.swift in Sources */ = {isa = PBXBuildFile; fileRef = BEAAE3FE1C7B7C2D003C90BC /* NURE.swift */; };
		BE22E4CA1C8729BB0069483F /* SwiftyNURE+JSONProtocols.swift in Sources */ = {isa = PBXBuildFile; fileRef = BE080C2A1C8711340019966A /* SwiftyNURE+JSONProtocols.swift */; };
		BE22E4CB1C8729BE0069483F /* TimetableProvider.swift in Sources */ = {isa = PBXBuildFile; fileRef = BEAAE3FF1C7B7C2D003C90BC /* TimetableProvider.swift */; };
		BE22E4CC1C8729BE0069483F /* GroupsProvider.swift in Sources */ = {isa = PBXBuildFile; fileRef = BEAAE4001C7B7C2D003C90BC /* GroupsProvider.swift */; };
		BE22E4CD1C8729BE0069483F /* TeachersProvider.swift in Sources */ = {isa = PBXBuildFile; fileRef = BEAAE4011C7B7C2D003C90BC /* TeachersProvider.swift */; };
		BE22E4CE1C8729BE0069483F /* UniversityProvider.swift in Sources */ = {isa = PBXBuildFile; fileRef = BEAAE4021C7B7C2D003C90BC /* UniversityProvider.swift */; };
		BE22E4CF1C8729C10069483F /* Event.swift in Sources */ = {isa = PBXBuildFile; fileRef = BEAAE4031C7B7C2D003C90BC /* Event.swift */; };
		BE22E4D01C8729C10069483F /* Timetable.swift in Sources */ = {isa = PBXBuildFile; fileRef = BEAAE4041C7B7C2D003C90BC /* Timetable.swift */; };
		BE22E4D11C8729C10069483F /* Subject.swift in Sources */ = {isa = PBXBuildFile; fileRef = BEAAE4051C7B7C2D003C90BC /* Subject.swift */; };
		BE22E4D21C8729C10069483F /* Teacher.swift in Sources */ = {isa = PBXBuildFile; fileRef = BEAAE4061C7B7C2D003C90BC /* Teacher.swift */; };
		BE22E4D31C8729C10069483F /* Group.swift in Sources */ = {isa = PBXBuildFile; fileRef = BEAAE4071C7B7C2D003C90BC /* Group.swift */; };
		BE22E4D41C8729C10069483F /* EventType.swift in Sources */ = {isa = PBXBuildFile; fileRef = BEAAE4081C7B7C2D003C90BC /* EventType.swift */; };
		BE22E4D51C8729C50069483F /* Parser.swift in Sources */ = {isa = PBXBuildFile; fileRef = BEAAE4091C7B7C2D003C90BC /* Parser.swift */; };
		BE22E4D61C8729C50069483F /* TimetableParser.swift in Sources */ = {isa = PBXBuildFile; fileRef = BEAAE40A1C7B7C2D003C90BC /* TimetableParser.swift */; };
		BE22E4D71C8729C50069483F /* SubjectParser.swift in Sources */ = {isa = PBXBuildFile; fileRef = BEAAE40B1C7B7C2D003C90BC /* SubjectParser.swift */; };
		BE22E4D81C8729C50069483F /* TeacherParser.swift in Sources */ = {isa = PBXBuildFile; fileRef = BEAAE40C1C7B7C2D003C90BC /* TeacherParser.swift */; };
		BE22E4D91C8729C50069483F /* GroupParser.swift in Sources */ = {isa = PBXBuildFile; fileRef = BEAAE40D1C7B7C2D003C90BC /* GroupParser.swift */; };
		BE22E4DA1C8729C50069483F /* EventTypeParser.swift in Sources */ = {isa = PBXBuildFile; fileRef = BEAAE40E1C7B7C2D003C90BC /* EventTypeParser.swift */; };
		BE22E4DB1C8729C50069483F /* DateParser.swift in Sources */ = {isa = PBXBuildFile; fileRef = BEAAE40F1C7B7C2D003C90BC /* DateParser.swift */; };
		BE22E4DC1C8729C50069483F /* GroupsParser.swift in Sources */ = {isa = PBXBuildFile; fileRef = BE080C211C86FE280019966A /* GroupsParser.swift */; };
		BE22E4DD1C8729C50069483F /* TeachersParser.swift in Sources */ = {isa = PBXBuildFile; fileRef = BE080C231C87020B0019966A /* TeachersParser.swift */; };
		BE22E4DE1C8729C50069483F /* University.swift in Sources */ = {isa = PBXBuildFile; fileRef = BEAAE4161C7B7C2D003C90BC /* University.swift */; };
		BE22E4DF1C8729CD0069483F /* NURETests.swift in Sources */ = {isa = PBXBuildFile; fileRef = BEAAE4321C7B7C3C003C90BC /* NURETests.swift */; };
		BE22E4E01C8729CD0069483F /* NUREAPITests.swift in Sources */ = {isa = PBXBuildFile; fileRef = BEAAE4331C7B7C3C003C90BC /* NUREAPITests.swift */; };
		BE22E4E11C8729CD0069483F /* GroupsProviderTests.swift in Sources */ = {isa = PBXBuildFile; fileRef = BEAAE4341C7B7C3C003C90BC /* GroupsProviderTests.swift */; };
		BE22E4E21C8729CD0069483F /* TimetableProviderTests.swift in Sources */ = {isa = PBXBuildFile; fileRef = BEAAE4351C7B7C3C003C90BC /* TimetableProviderTests.swift */; };
		BE22E4E31C8729CD0069483F /* TeachersProviderTests.swift in Sources */ = {isa = PBXBuildFile; fileRef = BEAAE4361C7B7C3C003C90BC /* TeachersProviderTests.swift */; };
		BE22E4E41C8729CD0069483F /* UniversityProviderTests.swift in Sources */ = {isa = PBXBuildFile; fileRef = BEAAE4371C7B7C3C003C90BC /* UniversityProviderTests.swift */; };
		BE3645441C85B3CD006C23AD /* JSONProtocols.swift in Sources */ = {isa = PBXBuildFile; fileRef = BE3645431C85B3CD006C23AD /* JSONProtocols.swift */; };
		BE41DB491C872C060062F561 /* EezehRequests.framework in Frameworks */ = {isa = PBXBuildFile; fileRef = BE41DB481C872C060062F561 /* EezehRequests.framework */; };
		BE41DB4A1C872C060062F561 /* EezehRequests.framework in Frameworks */ = {isa = PBXBuildFile; fileRef = BE41DB481C872C060062F561 /* EezehRequests.framework */; };
		BE41DB4B1C872C140062F561 /* EezehRequests.framework in CopyFiles */ = {isa = PBXBuildFile; fileRef = BE41DB481C872C060062F561 /* EezehRequests.framework */; settings = {ATTRIBUTES = (CodeSignOnCopy, RemoveHeadersOnCopy, ); }; };
		BE41DB4E1C872E220062F561 /* EezehRequests.framework in CopyFiles */ = {isa = PBXBuildFile; fileRef = BE41DB481C872C060062F561 /* EezehRequests.framework */; settings = {ATTRIBUTES = (CodeSignOnCopy, RemoveHeadersOnCopy, ); }; };
		BEAAE3E61C7B7BFA003C90BC /* SwiftyNURE.h in Headers */ = {isa = PBXBuildFile; fileRef = BEAAE3E51C7B7BFA003C90BC /* SwiftyNURE.h */; settings = {ATTRIBUTES = (Public, ); }; };
		BEAAE3ED1C7B7BFA003C90BC /* SwiftyNURE.framework in Frameworks */ = {isa = PBXBuildFile; fileRef = BEAAE3E21C7B7BFA003C90BC /* SwiftyNURE.framework */; };
		BEAAE4181C7B7C2D003C90BC /* DataProtocols.swift in Sources */ = {isa = PBXBuildFile; fileRef = BEAAE3FD1C7B7C2D003C90BC /* DataProtocols.swift */; };
		BEAAE4191C7B7C2D003C90BC /* NURE.swift in Sources */ = {isa = PBXBuildFile; fileRef = BEAAE3FE1C7B7C2D003C90BC /* NURE.swift */; };
		BEAAE41A1C7B7C2D003C90BC /* TimetableProvider.swift in Sources */ = {isa = PBXBuildFile; fileRef = BEAAE3FF1C7B7C2D003C90BC /* TimetableProvider.swift */; };
		BEAAE41E1C7B7C2D003C90BC /* Event.swift in Sources */ = {isa = PBXBuildFile; fileRef = BEAAE4031C7B7C2D003C90BC /* Event.swift */; };
		BEAAE41F1C7B7C2D003C90BC /* Timetable.swift in Sources */ = {isa = PBXBuildFile; fileRef = BEAAE4041C7B7C2D003C90BC /* Timetable.swift */; };
		BEAAE4201C7B7C2D003C90BC /* Subject.swift in Sources */ = {isa = PBXBuildFile; fileRef = BEAAE4051C7B7C2D003C90BC /* Subject.swift */; };
		BEAAE4211C7B7C2D003C90BC /* Teacher.swift in Sources */ = {isa = PBXBuildFile; fileRef = BEAAE4061C7B7C2D003C90BC /* Teacher.swift */; };
		BEAAE4221C7B7C2D003C90BC /* Group.swift in Sources */ = {isa = PBXBuildFile; fileRef = BEAAE4071C7B7C2D003C90BC /* Group.swift */; };
		BEAAE4231C7B7C2D003C90BC /* EventType.swift in Sources */ = {isa = PBXBuildFile; fileRef = BEAAE4081C7B7C2D003C90BC /* EventType.swift */; };
		BEAAE4241C7B7C2D003C90BC /* Parser.swift in Sources */ = {isa = PBXBuildFile; fileRef = BEAAE4091C7B7C2D003C90BC /* Parser.swift */; };
		BEAAE4251C7B7C2D003C90BC /* TimetableParser.swift in Sources */ = {isa = PBXBuildFile; fileRef = BEAAE40A1C7B7C2D003C90BC /* TimetableParser.swift */; };
		BEAAE4261C7B7C2D003C90BC /* SubjectParser.swift in Sources */ = {isa = PBXBuildFile; fileRef = BEAAE40B1C7B7C2D003C90BC /* SubjectParser.swift */; };
		BEAAE4271C7B7C2D003C90BC /* TeacherParser.swift in Sources */ = {isa = PBXBuildFile; fileRef = BEAAE40C1C7B7C2D003C90BC /* TeacherParser.swift */; };
		BEAAE4281C7B7C2D003C90BC /* GroupParser.swift in Sources */ = {isa = PBXBuildFile; fileRef = BEAAE40D1C7B7C2D003C90BC /* GroupParser.swift */; };
		BEAAE4291C7B7C2D003C90BC /* EventTypeParser.swift in Sources */ = {isa = PBXBuildFile; fileRef = BEAAE40E1C7B7C2D003C90BC /* EventTypeParser.swift */; };
		BEAAE42A1C7B7C2D003C90BC /* DateParser.swift in Sources */ = {isa = PBXBuildFile; fileRef = BEAAE40F1C7B7C2D003C90BC /* DateParser.swift */; };
		BEAAE4311C7B7C2D003C90BC /* University.swift in Sources */ = {isa = PBXBuildFile; fileRef = BEAAE4161C7B7C2D003C90BC /* University.swift */; };
		BEAAE4381C7B7C3C003C90BC /* NURETests.swift in Sources */ = {isa = PBXBuildFile; fileRef = BEAAE4321C7B7C3C003C90BC /* NURETests.swift */; };
		BEAAE4391C7B7C3C003C90BC /* NUREAPITests.swift in Sources */ = {isa = PBXBuildFile; fileRef = BEAAE4331C7B7C3C003C90BC /* NUREAPITests.swift */; };
		BEAAE43B1C7B7C3C003C90BC /* TimetableProviderTests.swift in Sources */ = {isa = PBXBuildFile; fileRef = BEAAE4351C7B7C3C003C90BC /* TimetableProviderTests.swift */; };
/* End PBXBuildFile section */

/* Begin PBXContainerItemProxy section */
		BE22E4B71C8728F00069483F /* PBXContainerItemProxy */ = {
			isa = PBXContainerItemProxy;
			containerPortal = BEAAE3D91C7B7BFA003C90BC /* Project object */;
			proxyType = 1;
			remoteGlobalIDString = BE22E4AB1C8728F00069483F;
			remoteInfo = "SwiftyNURE iOS";
		};
		BEAAE3EE1C7B7BFA003C90BC /* PBXContainerItemProxy */ = {
			isa = PBXContainerItemProxy;
			containerPortal = BEAAE3D91C7B7BFA003C90BC /* Project object */;
			proxyType = 1;
			remoteGlobalIDString = BEAAE3E11C7B7BFA003C90BC;
			remoteInfo = SwiftyNURE;
		};
/* End PBXContainerItemProxy section */

/* Begin PBXCopyFilesBuildPhase section */
		BE04822D1C874038005589E5 /* CopyFiles */ = {
			isa = PBXCopyFilesBuildPhase;
			buildActionMask = 2147483647;
			dstPath = "";
			dstSubfolderSpec = 10;
			files = (
				BE04822E1C874040005589E5 /* EezehRequests.framework in CopyFiles */,
			);
			runOnlyForDeploymentPostprocessing = 0;
		};
		BE04823F1C874102005589E5 /* CopyFiles */ = {
			isa = PBXCopyFilesBuildPhase;
			buildActionMask = 2147483647;
			dstPath = "";
			dstSubfolderSpec = 10;
			files = (
				BE0482401C87410A005589E5 /* EezehRequests.framework in CopyFiles */,
			);
			runOnlyForDeploymentPostprocessing = 0;
		};
		BE22E4C31C87292C0069483F /* CopyFiles */ = {
			isa = PBXCopyFilesBuildPhase;
			buildActionMask = 2147483647;
			dstPath = "";
			dstSubfolderSpec = 10;
			files = (
				BE41DB4B1C872C140062F561 /* EezehRequests.framework in CopyFiles */,
			);
			runOnlyForDeploymentPostprocessing = 0;
		};
		BE41DB4D1C872E1A0062F561 /* CopyFiles */ = {
			isa = PBXCopyFilesBuildPhase;
			buildActionMask = 2147483647;
			dstPath = "";
			dstSubfolderSpec = 10;
			files = (
				BE41DB4E1C872E220062F561 /* EezehRequests.framework in CopyFiles */,
			);
			runOnlyForDeploymentPostprocessing = 0;
		};
		BEAAE4711C7B9954003C90BC /* CopyFiles */ = {
			isa = PBXCopyFilesBuildPhase;
			buildActionMask = 2147483647;
			dstPath = "";
			dstSubfolderSpec = 10;
			files = (
				BE080C181C86F0DA0019966A /* EezehRequests.framework in CopyFiles */,
			);
			runOnlyForDeploymentPostprocessing = 0;
		};
		BEAAE4761C7B99DE003C90BC /* CopyFiles */ = {
			isa = PBXCopyFilesBuildPhase;
			buildActionMask = 2147483647;
			dstPath = "";
			dstSubfolderSpec = 10;
			files = (
				BE080C1A1C86FD0C0019966A /* EezehRequests.framework in CopyFiles */,
			);
			runOnlyForDeploymentPostprocessing = 0;
		};
/* End PBXCopyFilesBuildPhase section */

/* Begin PBXFileReference section */
		BE04820A1C873FD2005589E5 /* SwiftyNURE.framework */ = {isa = PBXFileReference; explicitFileType = wrapper.framework; includeInIndex = 0; path = SwiftyNURE.framework; sourceTree = BUILT_PRODUCTS_DIR; };
		BE04822B1C87401F005589E5 /* EezehRequests.framework */ = {isa = PBXFileReference; lastKnownFileType = wrapper.framework; name = EezehRequests.framework; path = Carthage/Build/watchOS/EezehRequests.framework; sourceTree = "<group>"; };
		BE0482351C8740A3005589E5 /* SwiftyNURE.framework */ = {isa = PBXFileReference; explicitFileType = wrapper.framework; includeInIndex = 0; path = SwiftyNURE.framework; sourceTree = BUILT_PRODUCTS_DIR; };
		BE04823D1C8740ED005589E5 /* EezehRequests.framework */ = {isa = PBXFileReference; lastKnownFileType = wrapper.framework; name = EezehRequests.framework; path = Carthage/Build/tvOS/EezehRequests.framework; sourceTree = "<group>"; };
		BE080C161C86F0D00019966A /* EezehRequests.framework */ = {isa = PBXFileReference; lastKnownFileType = wrapper.framework; name = EezehRequests.framework; path = Carthage/Build/Mac/EezehRequests.framework; sourceTree = "<group>"; };
		BE080C211C86FE280019966A /* GroupsParser.swift */ = {isa = PBXFileReference; fileEncoding = 4; lastKnownFileType = sourcecode.swift; path = GroupsParser.swift; sourceTree = "<group>"; };
		BE080C231C87020B0019966A /* TeachersParser.swift */ = {isa = PBXFileReference; fileEncoding = 4; lastKnownFileType = sourcecode.swift; path = TeachersParser.swift; sourceTree = "<group>"; };
		BE080C2A1C8711340019966A /* SwiftyNURE+JSONProtocols.swift */ = {isa = PBXFileReference; fileEncoding = 4; lastKnownFileType = sourcecode.swift; path = "SwiftyNURE+JSONProtocols.swift"; sourceTree = "<group>"; };
		BE22E4AC1C8728F00069483F /* SwiftyNURE.framework */ = {isa = PBXFileReference; explicitFileType = wrapper.framework; includeInIndex = 0; path = SwiftyNURE.framework; sourceTree = BUILT_PRODUCTS_DIR; };
		BE22E4B51C8728F00069483F /* SwiftyNURE iOS Tests.xctest */ = {isa = PBXFileReference; explicitFileType = wrapper.cfbundle; includeInIndex = 0; path = "SwiftyNURE iOS Tests.xctest"; sourceTree = BUILT_PRODUCTS_DIR; };
		BE3645431C85B3CD006C23AD /* JSONProtocols.swift */ = {isa = PBXFileReference; fileEncoding = 4; lastKnownFileType = sourcecode.swift; path = JSONProtocols.swift; sourceTree = "<group>"; };
		BE41DB481C872C060062F561 /* EezehRequests.framework */ = {isa = PBXFileReference; lastKnownFileType = wrapper.framework; name = EezehRequests.framework; path = Carthage/Build/iOS/EezehRequests.framework; sourceTree = "<group>"; };
		BEAAE3E21C7B7BFA003C90BC /* SwiftyNURE.framework */ = {isa = PBXFileReference; explicitFileType = wrapper.framework; includeInIndex = 0; path = SwiftyNURE.framework; sourceTree = BUILT_PRODUCTS_DIR; };
		BEAAE3E51C7B7BFA003C90BC /* SwiftyNURE.h */ = {isa = PBXFileReference; lastKnownFileType = sourcecode.c.h; path = SwiftyNURE.h; sourceTree = "<group>"; };
		BEAAE3E71C7B7BFA003C90BC /* Info.plist */ = {isa = PBXFileReference; lastKnownFileType = text.plist.xml; path = Info.plist; sourceTree = "<group>"; };
		BEAAE3EC1C7B7BFA003C90BC /* SwiftyNURE OSX Tests.xctest */ = {isa = PBXFileReference; explicitFileType = wrapper.cfbundle; includeInIndex = 0; path = "SwiftyNURE OSX Tests.xctest"; sourceTree = BUILT_PRODUCTS_DIR; };
		BEAAE3F31C7B7BFA003C90BC /* Info.plist */ = {isa = PBXFileReference; lastKnownFileType = text.plist.xml; path = Info.plist; sourceTree = "<group>"; };
		BEAAE3FD1C7B7C2D003C90BC /* DataProtocols.swift */ = {isa = PBXFileReference; fileEncoding = 4; lastKnownFileType = sourcecode.swift; path = DataProtocols.swift; sourceTree = "<group>"; };
		BEAAE3FE1C7B7C2D003C90BC /* NURE.swift */ = {isa = PBXFileReference; fileEncoding = 4; lastKnownFileType = sourcecode.swift; path = NURE.swift; sourceTree = "<group>"; };
		BEAAE3FF1C7B7C2D003C90BC /* TimetableProvider.swift */ = {isa = PBXFileReference; fileEncoding = 4; lastKnownFileType = sourcecode.swift; path = TimetableProvider.swift; sourceTree = "<group>"; };
		BEAAE4001C7B7C2D003C90BC /* GroupsProvider.swift */ = {isa = PBXFileReference; fileEncoding = 4; lastKnownFileType = sourcecode.swift; path = GroupsProvider.swift; sourceTree = "<group>"; };
		BEAAE4011C7B7C2D003C90BC /* TeachersProvider.swift */ = {isa = PBXFileReference; fileEncoding = 4; lastKnownFileType = sourcecode.swift; path = TeachersProvider.swift; sourceTree = "<group>"; };
		BEAAE4021C7B7C2D003C90BC /* UniversityProvider.swift */ = {isa = PBXFileReference; fileEncoding = 4; lastKnownFileType = sourcecode.swift; path = UniversityProvider.swift; sourceTree = "<group>"; };
		BEAAE4031C7B7C2D003C90BC /* Event.swift */ = {isa = PBXFileReference; fileEncoding = 4; lastKnownFileType = sourcecode.swift; path = Event.swift; sourceTree = "<group>"; };
		BEAAE4041C7B7C2D003C90BC /* Timetable.swift */ = {isa = PBXFileReference; fileEncoding = 4; lastKnownFileType = sourcecode.swift; path = Timetable.swift; sourceTree = "<group>"; };
		BEAAE4051C7B7C2D003C90BC /* Subject.swift */ = {isa = PBXFileReference; fileEncoding = 4; lastKnownFileType = sourcecode.swift; path = Subject.swift; sourceTree = "<group>"; };
		BEAAE4061C7B7C2D003C90BC /* Teacher.swift */ = {isa = PBXFileReference; fileEncoding = 4; lastKnownFileType = sourcecode.swift; path = Teacher.swift; sourceTree = "<group>"; };
		BEAAE4071C7B7C2D003C90BC /* Group.swift */ = {isa = PBXFileReference; fileEncoding = 4; lastKnownFileType = sourcecode.swift; path = Group.swift; sourceTree = "<group>"; };
		BEAAE4081C7B7C2D003C90BC /* EventType.swift */ = {isa = PBXFileReference; fileEncoding = 4; lastKnownFileType = sourcecode.swift; path = EventType.swift; sourceTree = "<group>"; };
		BEAAE4091C7B7C2D003C90BC /* Parser.swift */ = {isa = PBXFileReference; fileEncoding = 4; lastKnownFileType = sourcecode.swift; path = Parser.swift; sourceTree = "<group>"; };
		BEAAE40A1C7B7C2D003C90BC /* TimetableParser.swift */ = {isa = PBXFileReference; fileEncoding = 4; lastKnownFileType = sourcecode.swift; path = TimetableParser.swift; sourceTree = "<group>"; };
		BEAAE40B1C7B7C2D003C90BC /* SubjectParser.swift */ = {isa = PBXFileReference; fileEncoding = 4; lastKnownFileType = sourcecode.swift; path = SubjectParser.swift; sourceTree = "<group>"; };
		BEAAE40C1C7B7C2D003C90BC /* TeacherParser.swift */ = {isa = PBXFileReference; fileEncoding = 4; lastKnownFileType = sourcecode.swift; path = TeacherParser.swift; sourceTree = "<group>"; };
		BEAAE40D1C7B7C2D003C90BC /* GroupParser.swift */ = {isa = PBXFileReference; fileEncoding = 4; lastKnownFileType = sourcecode.swift; path = GroupParser.swift; sourceTree = "<group>"; };
		BEAAE40E1C7B7C2D003C90BC /* EventTypeParser.swift */ = {isa = PBXFileReference; fileEncoding = 4; lastKnownFileType = sourcecode.swift; path = EventTypeParser.swift; sourceTree = "<group>"; };
		BEAAE40F1C7B7C2D003C90BC /* DateParser.swift */ = {isa = PBXFileReference; fileEncoding = 4; lastKnownFileType = sourcecode.swift; path = DateParser.swift; sourceTree = "<group>"; };
		BEAAE4161C7B7C2D003C90BC /* University.swift */ = {isa = PBXFileReference; fileEncoding = 4; lastKnownFileType = sourcecode.swift; path = University.swift; sourceTree = "<group>"; };
		BEAAE4321C7B7C3C003C90BC /* NURETests.swift */ = {isa = PBXFileReference; fileEncoding = 4; lastKnownFileType = sourcecode.swift; path = NURETests.swift; sourceTree = "<group>"; };
		BEAAE4331C7B7C3C003C90BC /* NUREAPITests.swift */ = {isa = PBXFileReference; fileEncoding = 4; lastKnownFileType = sourcecode.swift; path = NUREAPITests.swift; sourceTree = "<group>"; };
		BEAAE4341C7B7C3C003C90BC /* GroupsProviderTests.swift */ = {isa = PBXFileReference; fileEncoding = 4; lastKnownFileType = sourcecode.swift; path = GroupsProviderTests.swift; sourceTree = "<group>"; };
		BEAAE4351C7B7C3C003C90BC /* TimetableProviderTests.swift */ = {isa = PBXFileReference; fileEncoding = 4; lastKnownFileType = sourcecode.swift; path = TimetableProviderTests.swift; sourceTree = "<group>"; };
		BEAAE4361C7B7C3C003C90BC /* TeachersProviderTests.swift */ = {isa = PBXFileReference; fileEncoding = 4; lastKnownFileType = sourcecode.swift; path = TeachersProviderTests.swift; sourceTree = "<group>"; };
		BEAAE4371C7B7C3C003C90BC /* UniversityProviderTests.swift */ = {isa = PBXFileReference; fileEncoding = 4; lastKnownFileType = sourcecode.swift; path = UniversityProviderTests.swift; sourceTree = "<group>"; };
/* End PBXFileReference section */

/* Begin PBXFrameworksBuildPhase section */
		BE0482061C873FD2005589E5 /* Frameworks */ = {
			isa = PBXFrameworksBuildPhase;
			buildActionMask = 2147483647;
			files = (
				BE04822C1C87401F005589E5 /* EezehRequests.framework in Frameworks */,
			);
			runOnlyForDeploymentPostprocessing = 0;
		};
		BE0482311C8740A3005589E5 /* Frameworks */ = {
			isa = PBXFrameworksBuildPhase;
			buildActionMask = 2147483647;
			files = (
				BE04823E1C8740ED005589E5 /* EezehRequests.framework in Frameworks */,
			);
			runOnlyForDeploymentPostprocessing = 0;
		};
		BE22E4A81C8728F00069483F /* Frameworks */ = {
			isa = PBXFrameworksBuildPhase;
			buildActionMask = 2147483647;
			files = (
				BE41DB491C872C060062F561 /* EezehRequests.framework in Frameworks */,
			);
			runOnlyForDeploymentPostprocessing = 0;
		};
		BE22E4B21C8728F00069483F /* Frameworks */ = {
			isa = PBXFrameworksBuildPhase;
			buildActionMask = 2147483647;
			files = (
				BE41DB4A1C872C060062F561 /* EezehRequests.framework in Frameworks */,
				BE22E4B61C8728F00069483F /* SwiftyNURE.framework in Frameworks */,
			);
			runOnlyForDeploymentPostprocessing = 0;
		};
		BEAAE3DE1C7B7BFA003C90BC /* Frameworks */ = {
			isa = PBXFrameworksBuildPhase;
			buildActionMask = 2147483647;
			files = (
				BE080C171C86F0D00019966A /* EezehRequests.framework in Frameworks */,
			);
			runOnlyForDeploymentPostprocessing = 0;
		};
		BEAAE3E91C7B7BFA003C90BC /* Frameworks */ = {
			isa = PBXFrameworksBuildPhase;
			buildActionMask = 2147483647;
			files = (
				BEAAE3ED1C7B7BFA003C90BC /* SwiftyNURE.framework in Frameworks */,
				BE080C191C86FD0A0019966A /* EezehRequests.framework in Frameworks */,
			);
			runOnlyForDeploymentPostprocessing = 0;
		};
/* End PBXFrameworksBuildPhase section */

/* Begin PBXGroup section */
		BEAAE3D81C7B7BFA003C90BC = {
			isa = PBXGroup;
			children = (
				BE04823D1C8740ED005589E5 /* EezehRequests.framework */,
				BE080C161C86F0D00019966A /* EezehRequests.framework */,
				BE04822B1C87401F005589E5 /* EezehRequests.framework */,
				BE41DB481C872C060062F561 /* EezehRequests.framework */,
				BEAAE3E41C7B7BFA003C90BC /* Sources */,
				BEAAE3F01C7B7BFA003C90BC /* SwiftyNURETests */,
				BEAAE3E31C7B7BFA003C90BC /* Products */,
			);
			sourceTree = "<group>";
		};
		BEAAE3E31C7B7BFA003C90BC /* Products */ = {
			isa = PBXGroup;
			children = (
				BEAAE3E21C7B7BFA003C90BC /* SwiftyNURE.framework */,
				BEAAE3EC1C7B7BFA003C90BC /* SwiftyNURE OSX Tests.xctest */,
				BE22E4AC1C8728F00069483F /* SwiftyNURE.framework */,
				BE22E4B51C8728F00069483F /* SwiftyNURE iOS Tests.xctest */,
				BE04820A1C873FD2005589E5 /* SwiftyNURE.framework */,
				BE0482351C8740A3005589E5 /* SwiftyNURE.framework */,
			);
			name = Products;
			sourceTree = "<group>";
		};
		BEAAE3E41C7B7BFA003C90BC /* Sources */ = {
			isa = PBXGroup;
			children = (
				BEF2D7D91CA53BCC00172582 /* SwiftyNURE */,
				BEAAE3E51C7B7BFA003C90BC /* SwiftyNURE.h */,
				BEAAE3E71C7B7BFA003C90BC /* Info.plist */,
			);
			name = Sources;
			path = SwiftyNURE;
			sourceTree = "<group>";
		};
		BEAAE3F01C7B7BFA003C90BC /* SwiftyNURETests */ = {
			isa = PBXGroup;
			children = (
				BEAAE4321C7B7C3C003C90BC /* NURETests.swift */,
				BEAAE4331C7B7C3C003C90BC /* NUREAPITests.swift */,
				BEAAE4341C7B7C3C003C90BC /* GroupsProviderTests.swift */,
				BEAAE4351C7B7C3C003C90BC /* TimetableProviderTests.swift */,
				BEAAE4361C7B7C3C003C90BC /* TeachersProviderTests.swift */,
				BEAAE4371C7B7C3C003C90BC /* UniversityProviderTests.swift */,
				BEAAE3F31C7B7BFA003C90BC /* Info.plist */,
			);
			path = SwiftyNURETests;
			sourceTree = "<group>";
		};
		BEAAE43E1C7B7C50003C90BC /* Administrative */ = {
			isa = PBXGroup;
			children = (
				BEAAE3FD1C7B7C2D003C90BC /* DataProtocols.swift */,
				BE3645431C85B3CD006C23AD /* JSONProtocols.swift */,
				BEAAE3FE1C7B7C2D003C90BC /* NURE.swift */,
				BE080C2A1C8711340019966A /* SwiftyNURE+JSONProtocols.swift */,
			);
			name = Administrative;
			sourceTree = "<group>";
		};
		BEAAE43F1C7B7C57003C90BC /* Providers */ = {
			isa = PBXGroup;
			children = (
				BEAAE3FF1C7B7C2D003C90BC /* TimetableProvider.swift */,
				BEAAE4001C7B7C2D003C90BC /* GroupsProvider.swift */,
				BEAAE4011C7B7C2D003C90BC /* TeachersProvider.swift */,
				BEAAE4021C7B7C2D003C90BC /* UniversityProvider.swift */,
			);
			name = Providers;
			sourceTree = "<group>";
		};
		BEAAE4401C7B7C5E003C90BC /* Model */ = {
			isa = PBXGroup;
			children = (
				BEAAE4031C7B7C2D003C90BC /* Event.swift */,
				BEAAE4041C7B7C2D003C90BC /* Timetable.swift */,
				BEAAE4051C7B7C2D003C90BC /* Subject.swift */,
				BEAAE4061C7B7C2D003C90BC /* Teacher.swift */,
				BEAAE4071C7B7C2D003C90BC /* Group.swift */,
				BEAAE4081C7B7C2D003C90BC /* EventType.swift */,
			);
			name = Model;
			sourceTree = "<group>";
		};
		BEAAE4411C7B7C67003C90BC /* Parsers */ = {
			isa = PBXGroup;
			children = (
				BEAAE4091C7B7C2D003C90BC /* Parser.swift */,
				BEAAE40A1C7B7C2D003C90BC /* TimetableParser.swift */,
				BEAAE40B1C7B7C2D003C90BC /* SubjectParser.swift */,
				BEAAE40C1C7B7C2D003C90BC /* TeacherParser.swift */,
				BEAAE40D1C7B7C2D003C90BC /* GroupParser.swift */,
				BEAAE40E1C7B7C2D003C90BC /* EventTypeParser.swift */,
				BEAAE40F1C7B7C2D003C90BC /* DateParser.swift */,
				BE080C211C86FE280019966A /* GroupsParser.swift */,
				BE080C231C87020B0019966A /* TeachersParser.swift */,
			);
			name = Parsers;
			sourceTree = "<group>";
		};
		BEF2D7D91CA53BCC00172582 /* SwiftyNURE */ = {
			isa = PBXGroup;
			children = (
				BEAAE43E1C7B7C50003C90BC /* Administrative */,
				BEAAE43F1C7B7C57003C90BC /* Providers */,
				BEAAE4401C7B7C5E003C90BC /* Model */,
				BEAAE4411C7B7C67003C90BC /* Parsers */,
				BEAAE4161C7B7C2D003C90BC /* University.swift */,
			);
			name = SwiftyNURE;
			sourceTree = "<group>";
		};
/* End PBXGroup section */

/* Begin PBXHeadersBuildPhase section */
		BE0482071C873FD2005589E5 /* Headers */ = {
			isa = PBXHeadersBuildPhase;
			buildActionMask = 2147483647;
			files = (
				BE04822F1C874072005589E5 /* SwiftyNURE.h in Headers */,
			);
			runOnlyForDeploymentPostprocessing = 0;
		};
		BE0482321C8740A3005589E5 /* Headers */ = {
			isa = PBXHeadersBuildPhase;
			buildActionMask = 2147483647;
			files = (
			);
			runOnlyForDeploymentPostprocessing = 0;
		};
		BE22E4A91C8728F00069483F /* Headers */ = {
			isa = PBXHeadersBuildPhase;
			buildActionMask = 2147483647;
			files = (
				BE22E4C61C87298F0069483F /* SwiftyNURE.h in Headers */,
			);
			runOnlyForDeploymentPostprocessing = 0;
		};
		BEAAE3DF1C7B7BFA003C90BC /* Headers */ = {
			isa = PBXHeadersBuildPhase;
			buildActionMask = 2147483647;
			files = (
				BEAAE3E61C7B7BFA003C90BC /* SwiftyNURE.h in Headers */,
			);
			runOnlyForDeploymentPostprocessing = 0;
		};
/* End PBXHeadersBuildPhase section */

/* Begin PBXNativeTarget section */
		BE0482091C873FD2005589E5 /* SwiftyNURE watchOS */ = {
			isa = PBXNativeTarget;
			buildConfigurationList = BE0482111C873FD2005589E5 /* Build configuration list for PBXNativeTarget "SwiftyNURE watchOS" */;
			buildPhases = (
				BE0482051C873FD2005589E5 /* Sources */,
				BE0482061C873FD2005589E5 /* Frameworks */,
				BE0482071C873FD2005589E5 /* Headers */,
				BE0482081C873FD2005589E5 /* Resources */,
				BE04822D1C874038005589E5 /* CopyFiles */,
			);
			buildRules = (
			);
			dependencies = (
			);
			name = "SwiftyNURE watchOS";
			productName = "SwiftyNURE watchOS";
			productReference = BE04820A1C873FD2005589E5 /* SwiftyNURE.framework */;
			productType = "com.apple.product-type.framework";
		};
		BE0482341C8740A3005589E5 /* SwiftyNURE tvOS */ = {
			isa = PBXNativeTarget;
			buildConfigurationList = BE04823A1C8740A3005589E5 /* Build configuration list for PBXNativeTarget "SwiftyNURE tvOS" */;
			buildPhases = (
				BE0482301C8740A3005589E5 /* Sources */,
				BE0482311C8740A3005589E5 /* Frameworks */,
				BE0482321C8740A3005589E5 /* Headers */,
				BE0482331C8740A3005589E5 /* Resources */,
				BE04823F1C874102005589E5 /* CopyFiles */,
			);
			buildRules = (
			);
			dependencies = (
			);
			name = "SwiftyNURE tvOS";
			productName = "SwiftyNURE tvOS";
			productReference = BE0482351C8740A3005589E5 /* SwiftyNURE.framework */;
			productType = "com.apple.product-type.framework";
		};
		BE22E4AB1C8728F00069483F /* SwiftyNURE iOS */ = {
			isa = PBXNativeTarget;
			buildConfigurationList = BE22E4C11C8728F00069483F /* Build configuration list for PBXNativeTarget "SwiftyNURE iOS" */;
			buildPhases = (
				BE22E4A71C8728F00069483F /* Sources */,
				BE22E4A81C8728F00069483F /* Frameworks */,
				BE22E4A91C8728F00069483F /* Headers */,
				BE22E4AA1C8728F00069483F /* Resources */,
				BE22E4C31C87292C0069483F /* CopyFiles */,
			);
			buildRules = (
			);
			dependencies = (
			);
			name = "SwiftyNURE iOS";
			productName = "SwiftyNURE iOS";
			productReference = BE22E4AC1C8728F00069483F /* SwiftyNURE.framework */;
			productType = "com.apple.product-type.framework";
		};
		BE22E4B41C8728F00069483F /* SwiftyNURE iOS Tests */ = {
			isa = PBXNativeTarget;
			buildConfigurationList = BE22E4C21C8728F00069483F /* Build configuration list for PBXNativeTarget "SwiftyNURE iOS Tests" */;
			buildPhases = (
				BE22E4B11C8728F00069483F /* Sources */,
				BE22E4B21C8728F00069483F /* Frameworks */,
				BE22E4B31C8728F00069483F /* Resources */,
				BE41DB4D1C872E1A0062F561 /* CopyFiles */,
			);
			buildRules = (
			);
			dependencies = (
				BE22E4B81C8728F00069483F /* PBXTargetDependency */,
			);
			name = "SwiftyNURE iOS Tests";
			productName = "SwiftyNURE iOSTests";
			productReference = BE22E4B51C8728F00069483F /* SwiftyNURE iOS Tests.xctest */;
			productType = "com.apple.product-type.bundle.unit-test";
		};
		BEAAE3E11C7B7BFA003C90BC /* SwiftyNURE OSX */ = {
			isa = PBXNativeTarget;
			buildConfigurationList = BEAAE3F61C7B7BFA003C90BC /* Build configuration list for PBXNativeTarget "SwiftyNURE OSX" */;
			buildPhases = (
				BEAAE3DD1C7B7BFA003C90BC /* Sources */,
				BEAAE3DE1C7B7BFA003C90BC /* Frameworks */,
				BEAAE3DF1C7B7BFA003C90BC /* Headers */,
				BEAAE3E01C7B7BFA003C90BC /* Resources */,
				BEAAE4711C7B9954003C90BC /* CopyFiles */,
			);
			buildRules = (
			);
			dependencies = (
			);
			name = "SwiftyNURE OSX";
			productName = SwiftyNURE;
			productReference = BEAAE3E21C7B7BFA003C90BC /* SwiftyNURE.framework */;
			productType = "com.apple.product-type.framework";
		};
		BEAAE3EB1C7B7BFA003C90BC /* SwiftyNURE OSX Tests */ = {
			isa = PBXNativeTarget;
			buildConfigurationList = BEAAE3F91C7B7BFA003C90BC /* Build configuration list for PBXNativeTarget "SwiftyNURE OSX Tests" */;
			buildPhases = (
				BEAAE3E81C7B7BFA003C90BC /* Sources */,
				BEAAE3E91C7B7BFA003C90BC /* Frameworks */,
				BEAAE3EA1C7B7BFA003C90BC /* Resources */,
				BEAAE4761C7B99DE003C90BC /* CopyFiles */,
			);
			buildRules = (
			);
			dependencies = (
				BEAAE3EF1C7B7BFA003C90BC /* PBXTargetDependency */,
			);
			name = "SwiftyNURE OSX Tests";
			productName = SwiftyNURETests;
			productReference = BEAAE3EC1C7B7BFA003C90BC /* SwiftyNURE OSX Tests.xctest */;
			productType = "com.apple.product-type.bundle.unit-test";
		};
/* End PBXNativeTarget section */

/* Begin PBXProject section */
		BEAAE3D91C7B7BFA003C90BC /* Project object */ = {
			isa = PBXProject;
			attributes = {
				LastSwiftUpdateCheck = 0720;
				LastUpgradeCheck = 0720;
				ORGANIZATIONNAME = "Oleg Dreyman";
				TargetAttributes = {
					BE0482091C873FD2005589E5 = {
						CreatedOnToolsVersion = 7.2.1;
						DevelopmentTeam = WK35K3FV5Z;
					};
					BE0482341C8740A3005589E5 = {
						CreatedOnToolsVersion = 7.2.1;
						DevelopmentTeam = WK35K3FV5Z;
					};
					BE22E4AB1C8728F00069483F = {
						CreatedOnToolsVersion = 7.2.1;
						DevelopmentTeam = WK35K3FV5Z;
					};
					BE22E4B41C8728F00069483F = {
						CreatedOnToolsVersion = 7.2.1;
						DevelopmentTeam = WK35K3FV5Z;
					};
					BEAAE3E11C7B7BFA003C90BC = {
						CreatedOnToolsVersion = 7.2.1;
					};
					BEAAE3EB1C7B7BFA003C90BC = {
						CreatedOnToolsVersion = 7.2.1;
					};
				};
			};
			buildConfigurationList = BEAAE3DC1C7B7BFA003C90BC /* Build configuration list for PBXProject "SwiftyNURE" */;
			compatibilityVersion = "Xcode 3.2";
			developmentRegion = English;
			hasScannedForEncodings = 0;
			knownRegions = (
				en,
			);
			mainGroup = BEAAE3D81C7B7BFA003C90BC;
			productRefGroup = BEAAE3E31C7B7BFA003C90BC /* Products */;
			projectDirPath = "";
			projectRoot = "";
			targets = (
				BEAAE3E11C7B7BFA003C90BC /* SwiftyNURE OSX */,
				BEAAE3EB1C7B7BFA003C90BC /* SwiftyNURE OSX Tests */,
				BE22E4AB1C8728F00069483F /* SwiftyNURE iOS */,
				BE22E4B41C8728F00069483F /* SwiftyNURE iOS Tests */,
				BE0482091C873FD2005589E5 /* SwiftyNURE watchOS */,
				BE0482341C8740A3005589E5 /* SwiftyNURE tvOS */,
			);
		};
/* End PBXProject section */

/* Begin PBXResourcesBuildPhase section */
		BE0482081C873FD2005589E5 /* Resources */ = {
			isa = PBXResourcesBuildPhase;
			buildActionMask = 2147483647;
			files = (
			);
			runOnlyForDeploymentPostprocessing = 0;
		};
		BE0482331C8740A3005589E5 /* Resources */ = {
			isa = PBXResourcesBuildPhase;
			buildActionMask = 2147483647;
			files = (
			);
			runOnlyForDeploymentPostprocessing = 0;
		};
		BE22E4AA1C8728F00069483F /* Resources */ = {
			isa = PBXResourcesBuildPhase;
			buildActionMask = 2147483647;
			files = (
			);
			runOnlyForDeploymentPostprocessing = 0;
		};
		BE22E4B31C8728F00069483F /* Resources */ = {
			isa = PBXResourcesBuildPhase;
			buildActionMask = 2147483647;
			files = (
			);
			runOnlyForDeploymentPostprocessing = 0;
		};
		BEAAE3E01C7B7BFA003C90BC /* Resources */ = {
			isa = PBXResourcesBuildPhase;
			buildActionMask = 2147483647;
			files = (
			);
			runOnlyForDeploymentPostprocessing = 0;
		};
		BEAAE3EA1C7B7BFA003C90BC /* Resources */ = {
			isa = PBXResourcesBuildPhase;
			buildActionMask = 2147483647;
			files = (
			);
			runOnlyForDeploymentPostprocessing = 0;
		};
/* End PBXResourcesBuildPhase section */

/* Begin PBXSourcesBuildPhase section */
		BE0482051C873FD2005589E5 /* Sources */ = {
			isa = PBXSourcesBuildPhase;
			buildActionMask = 2147483647;
			files = (
				BE04821F1C874007005589E5 /* EventType.swift in Sources */,
				BE0482251C87400B005589E5 /* EventTypeParser.swift in Sources */,
				BE04821D1C874007005589E5 /* Teacher.swift in Sources */,
				BE0482201C87400B005589E5 /* Parser.swift in Sources */,
				BE0482271C87400B005589E5 /* GroupsParser.swift in Sources */,
				BE0482291C87400B005589E5 /* University.swift in Sources */,
				BE0482281C87400B005589E5 /* TeachersParser.swift in Sources */,
				BE0482191C874004005589E5 /* UniversityProvider.swift in Sources */,
				BE0482211C87400B005589E5 /* TimetableParser.swift in Sources */,
				BE0482241C87400B005589E5 /* GroupParser.swift in Sources */,
				BE0482231C87400B005589E5 /* TeacherParser.swift in Sources */,
				BE04821C1C874007005589E5 /* Subject.swift in Sources */,
				BE0482261C87400B005589E5 /* DateParser.swift in Sources */,
				BE04821B1C874007005589E5 /* Timetable.swift in Sources */,
				BE04821A1C874007005589E5 /* Event.swift in Sources */,
				BE0482221C87400B005589E5 /* SubjectParser.swift in Sources */,
				BE0482181C874004005589E5 /* TeachersProvider.swift in Sources */,
				BE04821E1C874007005589E5 /* Group.swift in Sources */,
				BE0482171C874004005589E5 /* GroupsProvider.swift in Sources */,
				BE0482161C874004005589E5 /* TimetableProvider.swift in Sources */,
				BE0482141C874000005589E5 /* NURE.swift in Sources */,
				BE0482121C874000005589E5 /* DataProtocols.swift in Sources */,
				BE0482131C874000005589E5 /* JSONProtocols.swift in Sources */,
				BE0482151C874000005589E5 /* SwiftyNURE+JSONProtocols.swift in Sources */,
			);
			runOnlyForDeploymentPostprocessing = 0;
		};
		BE0482301C8740A3005589E5 /* Sources */ = {
			isa = PBXSourcesBuildPhase;
			buildActionMask = 2147483647;
			files = (
			);
			runOnlyForDeploymentPostprocessing = 0;
		};
		BE22E4A71C8728F00069483F /* Sources */ = {
			isa = PBXSourcesBuildPhase;
			buildActionMask = 2147483647;
			files = (
				BE22E4D41C8729C10069483F /* EventType.swift in Sources */,
				BE22E4DA1C8729C50069483F /* EventTypeParser.swift in Sources */,
				BE22E4D21C8729C10069483F /* Teacher.swift in Sources */,
				BE22E4D51C8729C50069483F /* Parser.swift in Sources */,
				BE22E4DC1C8729C50069483F /* GroupsParser.swift in Sources */,
				BE22E4DE1C8729C50069483F /* University.swift in Sources */,
				BE22E4DD1C8729C50069483F /* TeachersParser.swift in Sources */,
				BE22E4CE1C8729BE0069483F /* UniversityProvider.swift in Sources */,
				BE22E4D61C8729C50069483F /* TimetableParser.swift in Sources */,
				BE22E4D91C8729C50069483F /* GroupParser.swift in Sources */,
				BE22E4D81C8729C50069483F /* TeacherParser.swift in Sources */,
				BE22E4D11C8729C10069483F /* Subject.swift in Sources */,
				BE22E4DB1C8729C50069483F /* DateParser.swift in Sources */,
				BE22E4D01C8729C10069483F /* Timetable.swift in Sources */,
				BE22E4CF1C8729C10069483F /* Event.swift in Sources */,
				BE22E4D71C8729C50069483F /* SubjectParser.swift in Sources */,
				BE22E4CD1C8729BE0069483F /* TeachersProvider.swift in Sources */,
				BE22E4D31C8729C10069483F /* Group.swift in Sources */,
				BE22E4CC1C8729BE0069483F /* GroupsProvider.swift in Sources */,
				BE22E4CB1C8729BE0069483F /* TimetableProvider.swift in Sources */,
				BE22E4C91C8729BB0069483F /* NURE.swift in Sources */,
				BE22E4C71C8729BB0069483F /* DataProtocols.swift in Sources */,
				BE22E4C81C8729BB0069483F /* JSONProtocols.swift in Sources */,
				BE22E4CA1C8729BB0069483F /* SwiftyNURE+JSONProtocols.swift in Sources */,
			);
			runOnlyForDeploymentPostprocessing = 0;
		};
		BE22E4B11C8728F00069483F /* Sources */ = {
			isa = PBXSourcesBuildPhase;
			buildActionMask = 2147483647;
			files = (
				BE22E4E21C8729CD0069483F /* TimetableProviderTests.swift in Sources */,
				BE22E4E01C8729CD0069483F /* NUREAPITests.swift in Sources */,
				BE22E4DF1C8729CD0069483F /* NURETests.swift in Sources */,
				BE22E4E31C8729CD0069483F /* TeachersProviderTests.swift in Sources */,
				BE22E4E41C8729CD0069483F /* UniversityProviderTests.swift in Sources */,
				BE22E4E11C8729CD0069483F /* GroupsProviderTests.swift in Sources */,
			);
			runOnlyForDeploymentPostprocessing = 0;
		};
		BEAAE3DD1C7B7BFA003C90BC /* Sources */ = {
			isa = PBXSourcesBuildPhase;
			buildActionMask = 2147483647;
			files = (
				BEAAE41E1C7B7C2D003C90BC /* Event.swift in Sources */,
				BEAAE4311C7B7C2D003C90BC /* University.swift in Sources */,
				BEAAE41A1C7B7C2D003C90BC /* TimetableProvider.swift in Sources */,
				BE080C221C86FE280019966A /* GroupsParser.swift in Sources */,
				BEAAE41F1C7B7C2D003C90BC /* Timetable.swift in Sources */,
				BE080C271C87058F0019966A /* TeachersParser.swift in Sources */,
				BEAAE4221C7B7C2D003C90BC /* Group.swift in Sources */,
				BEAAE4191C7B7C2D003C90BC /* NURE.swift in Sources */,
				BE080C251C8705880019966A /* TeachersProvider.swift in Sources */,
				BEAAE4281C7B7C2D003C90BC /* GroupParser.swift in Sources */,
				BEAAE4241C7B7C2D003C90BC /* Parser.swift in Sources */,
				BE3645441C85B3CD006C23AD /* JSONProtocols.swift in Sources */,
				BEAAE4271C7B7C2D003C90BC /* TeacherParser.swift in Sources */,
				BEAAE4291C7B7C2D003C90BC /* EventTypeParser.swift in Sources */,
				BEAAE4201C7B7C2D003C90BC /* Subject.swift in Sources */,
				BEAAE4231C7B7C2D003C90BC /* EventType.swift in Sources */,
				BEAAE4261C7B7C2D003C90BC /* SubjectParser.swift in Sources */,
				BE080C261C87058B0019966A /* UniversityProvider.swift in Sources */,
				BEAAE4251C7B7C2D003C90BC /* TimetableParser.swift in Sources */,
				BE080C2B1C8711340019966A /* SwiftyNURE+JSONProtocols.swift in Sources */,
				BE080C1B1C86FDED0019966A /* GroupsProvider.swift in Sources */,
				BEAAE4181C7B7C2D003C90BC /* DataProtocols.swift in Sources */,
				BEAAE42A1C7B7C2D003C90BC /* DateParser.swift in Sources */,
				BEAAE4211C7B7C2D003C90BC /* Teacher.swift in Sources */,
			);
			runOnlyForDeploymentPostprocessing = 0;
		};
		BEAAE3E81C7B7BFA003C90BC /* Sources */ = {
			isa = PBXSourcesBuildPhase;
			buildActionMask = 2147483647;
			files = (
				BEAAE4391C7B7C3C003C90BC /* NUREAPITests.swift in Sources */,
				BEAAE43B1C7B7C3C003C90BC /* TimetableProviderTests.swift in Sources */,
				BE080C1E1C86FDF60019966A /* GroupsProviderTests.swift in Sources */,
				BE080C281C8707610019966A /* TeachersProviderTests.swift in Sources */,
				BE22E4A61C871D8F0069483F /* UniversityProviderTests.swift in Sources */,
				BEAAE4381C7B7C3C003C90BC /* NURETests.swift in Sources */,
			);
			runOnlyForDeploymentPostprocessing = 0;
		};
/* End PBXSourcesBuildPhase section */

/* Begin PBXTargetDependency section */
		BE22E4B81C8728F00069483F /* PBXTargetDependency */ = {
			isa = PBXTargetDependency;
			target = BE22E4AB1C8728F00069483F /* SwiftyNURE iOS */;
			targetProxy = BE22E4B71C8728F00069483F /* PBXContainerItemProxy */;
		};
		BEAAE3EF1C7B7BFA003C90BC /* PBXTargetDependency */ = {
			isa = PBXTargetDependency;
			target = BEAAE3E11C7B7BFA003C90BC /* SwiftyNURE OSX */;
			targetProxy = BEAAE3EE1C7B7BFA003C90BC /* PBXContainerItemProxy */;
		};
/* End PBXTargetDependency section */

/* Begin XCBuildConfiguration section */
		BE04820F1C873FD2005589E5 /* Debug */ = {
			isa = XCBuildConfiguration;
			buildSettings = {
				APPLICATION_EXTENSION_API_ONLY = YES;
				DEFINES_MODULE = YES;
				DYLIB_COMPATIBILITY_VERSION = 1;
				DYLIB_CURRENT_VERSION = 1;
				DYLIB_INSTALL_NAME_BASE = "@rpath";
				FRAMEWORK_SEARCH_PATHS = (
					"$(inherited)",
					"$(PROJECT_DIR)/Carthage/Build/watchOS",
				);
				INFOPLIST_FILE = SwiftyNURE/Info.plist;
				INSTALL_PATH = "$(LOCAL_LIBRARY_DIR)/Frameworks";
				LD_RUNPATH_SEARCH_PATHS = "$(inherited) @executable_path/Frameworks @loader_path/Frameworks";
				PRODUCT_BUNDLE_IDENTIFIER = com.dreymonde.SwiftyNURE;
				PRODUCT_NAME = SwiftyNURE;
				SDKROOT = watchos;
				SKIP_INSTALL = YES;
				TARGETED_DEVICE_FAMILY = 4;
				WATCHOS_DEPLOYMENT_TARGET = 2.0;
			};
			name = Debug;
		};
		BE0482101C873FD2005589E5 /* Release */ = {
			isa = XCBuildConfiguration;
			buildSettings = {
				APPLICATION_EXTENSION_API_ONLY = YES;
				DEFINES_MODULE = YES;
				DYLIB_COMPATIBILITY_VERSION = 1;
				DYLIB_CURRENT_VERSION = 1;
				DYLIB_INSTALL_NAME_BASE = "@rpath";
				FRAMEWORK_SEARCH_PATHS = (
					"$(inherited)",
					"$(PROJECT_DIR)/Carthage/Build/watchOS",
				);
				INFOPLIST_FILE = SwiftyNURE/Info.plist;
				INSTALL_PATH = "$(LOCAL_LIBRARY_DIR)/Frameworks";
				LD_RUNPATH_SEARCH_PATHS = "$(inherited) @executable_path/Frameworks @loader_path/Frameworks";
				PRODUCT_BUNDLE_IDENTIFIER = com.dreymonde.SwiftyNURE;
				PRODUCT_NAME = SwiftyNURE;
				SDKROOT = watchos;
				SKIP_INSTALL = YES;
				TARGETED_DEVICE_FAMILY = 4;
				VALIDATE_PRODUCT = YES;
				WATCHOS_DEPLOYMENT_TARGET = 2.0;
			};
			name = Release;
		};
		BE04823B1C8740A3005589E5 /* Debug */ = {
			isa = XCBuildConfiguration;
			buildSettings = {
				APPLICATION_EXTENSION_API_ONLY = YES;
				DEFINES_MODULE = YES;
				DYLIB_COMPATIBILITY_VERSION = 1;
				DYLIB_CURRENT_VERSION = 1;
				DYLIB_INSTALL_NAME_BASE = "@rpath";
				FRAMEWORK_SEARCH_PATHS = (
					"$(inherited)",
					"$(PROJECT_DIR)/Carthage/Build/tvOS",
				);
				INFOPLIST_FILE = SwiftyNURE/Info.plist;
				INSTALL_PATH = "$(LOCAL_LIBRARY_DIR)/Frameworks";
				LD_RUNPATH_SEARCH_PATHS = "$(inherited) @executable_path/Frameworks @loader_path/Frameworks";
				PRODUCT_BUNDLE_IDENTIFIER = com.dreymonde.SwiftyNURE;
				PRODUCT_NAME = SwiftyNURE;
				SDKROOT = appletvos;
				SKIP_INSTALL = YES;
				TARGETED_DEVICE_FAMILY = 3;
				TVOS_DEPLOYMENT_TARGET = 9.0;
			};
			name = Debug;
		};
		BE04823C1C8740A3005589E5 /* Release */ = {
			isa = XCBuildConfiguration;
			buildSettings = {
				APPLICATION_EXTENSION_API_ONLY = YES;
				DEFINES_MODULE = YES;
				DYLIB_COMPATIBILITY_VERSION = 1;
				DYLIB_CURRENT_VERSION = 1;
				DYLIB_INSTALL_NAME_BASE = "@rpath";
				FRAMEWORK_SEARCH_PATHS = (
					"$(inherited)",
					"$(PROJECT_DIR)/Carthage/Build/tvOS",
				);
				INFOPLIST_FILE = SwiftyNURE/Info.plist;
				INSTALL_PATH = "$(LOCAL_LIBRARY_DIR)/Frameworks";
				LD_RUNPATH_SEARCH_PATHS = "$(inherited) @executable_path/Frameworks @loader_path/Frameworks";
				PRODUCT_BUNDLE_IDENTIFIER = com.dreymonde.SwiftyNURE;
				PRODUCT_NAME = SwiftyNURE;
				SDKROOT = appletvos;
				SKIP_INSTALL = YES;
				TARGETED_DEVICE_FAMILY = 3;
				TVOS_DEPLOYMENT_TARGET = 9.0;
				VALIDATE_PRODUCT = YES;
			};
			name = Release;
		};
		BE22E4BD1C8728F00069483F /* Debug */ = {
			isa = XCBuildConfiguration;
			buildSettings = {
				APPLICATION_EXTENSION_API_ONLY = YES;
				"CODE_SIGN_IDENTITY[sdk=iphoneos*]" = "";
				DEFINES_MODULE = YES;
				DYLIB_COMPATIBILITY_VERSION = 1;
				DYLIB_CURRENT_VERSION = 1;
				DYLIB_INSTALL_NAME_BASE = "@rpath";
				FRAMEWORK_SEARCH_PATHS = (
					"$(inherited)",
					"$(PROJECT_DIR)/Carthage/Build/iOS",
				);
				INFOPLIST_FILE = SwiftyNURE/Info.plist;
				INSTALL_PATH = "$(LOCAL_LIBRARY_DIR)/Frameworks";
				IPHONEOS_DEPLOYMENT_TARGET = 8.0;
				LD_RUNPATH_SEARCH_PATHS = "$(inherited) @executable_path/Frameworks @loader_path/Frameworks";
				PRODUCT_BUNDLE_IDENTIFIER = com.dreymonde.SwiftyNURE;
				PRODUCT_NAME = SwiftyNURE;
				SDKROOT = iphoneos;
				SKIP_INSTALL = YES;
				TARGETED_DEVICE_FAMILY = "1,2";
			};
			name = Debug;
		};
		BE22E4BE1C8728F00069483F /* Release */ = {
			isa = XCBuildConfiguration;
			buildSettings = {
				APPLICATION_EXTENSION_API_ONLY = YES;
				"CODE_SIGN_IDENTITY[sdk=iphoneos*]" = "";
				DEFINES_MODULE = YES;
				DYLIB_COMPATIBILITY_VERSION = 1;
				DYLIB_CURRENT_VERSION = 1;
				DYLIB_INSTALL_NAME_BASE = "@rpath";
				FRAMEWORK_SEARCH_PATHS = (
					"$(inherited)",
					"$(PROJECT_DIR)/Carthage/Build/iOS",
				);
				INFOPLIST_FILE = SwiftyNURE/Info.plist;
				INSTALL_PATH = "$(LOCAL_LIBRARY_DIR)/Frameworks";
				IPHONEOS_DEPLOYMENT_TARGET = 8.0;
				LD_RUNPATH_SEARCH_PATHS = "$(inherited) @executable_path/Frameworks @loader_path/Frameworks";
				PRODUCT_BUNDLE_IDENTIFIER = com.dreymonde.SwiftyNURE;
				PRODUCT_NAME = SwiftyNURE;
				SDKROOT = iphoneos;
				SKIP_INSTALL = YES;
				TARGETED_DEVICE_FAMILY = "1,2";
				VALIDATE_PRODUCT = YES;
			};
			name = Release;
		};
		BE22E4BF1C8728F00069483F /* Debug */ = {
			isa = XCBuildConfiguration;
			buildSettings = {
				"CODE_SIGN_IDENTITY[sdk=iphoneos*]" = "iPhone Developer";
				FRAMEWORK_SEARCH_PATHS = (
					"$(inherited)",
					"$(PROJECT_DIR)/Carthage/Build/iOS",
				);
				INFOPLIST_FILE = SwiftyNURETests/Info.plist;
				IPHONEOS_DEPLOYMENT_TARGET = 8.0;
				LD_RUNPATH_SEARCH_PATHS = "$(inherited) @executable_path/Frameworks @loader_path/Frameworks";
				PRODUCT_BUNDLE_IDENTIFIER = "com.dreymonde.SwiftyNURE-iOSTests";
				PRODUCT_NAME = "$(TARGET_NAME)";
				SDKROOT = iphoneos;
			};
			name = Debug;
		};
		BE22E4C01C8728F00069483F /* Release */ = {
			isa = XCBuildConfiguration;
			buildSettings = {
				"CODE_SIGN_IDENTITY[sdk=iphoneos*]" = "iPhone Developer";
				FRAMEWORK_SEARCH_PATHS = (
					"$(inherited)",
					"$(PROJECT_DIR)/Carthage/Build/iOS",
				);
				INFOPLIST_FILE = SwiftyNURETests/Info.plist;
				IPHONEOS_DEPLOYMENT_TARGET = 8.0;
				LD_RUNPATH_SEARCH_PATHS = "$(inherited) @executable_path/Frameworks @loader_path/Frameworks";
				PRODUCT_BUNDLE_IDENTIFIER = "com.dreymonde.SwiftyNURE-iOSTests";
				PRODUCT_NAME = "$(TARGET_NAME)";
				SDKROOT = iphoneos;
				VALIDATE_PRODUCT = YES;
			};
			name = Release;
		};
		BEAAE3F41C7B7BFA003C90BC /* Debug */ = {
			isa = XCBuildConfiguration;
			buildSettings = {
				ALWAYS_SEARCH_USER_PATHS = NO;
				CLANG_CXX_LANGUAGE_STANDARD = "gnu++0x";
				CLANG_CXX_LIBRARY = "libc++";
				CLANG_ENABLE_MODULES = YES;
				CLANG_ENABLE_OBJC_ARC = YES;
				CLANG_WARN_BOOL_CONVERSION = YES;
				CLANG_WARN_CONSTANT_CONVERSION = YES;
				CLANG_WARN_DIRECT_OBJC_ISA_USAGE = YES_ERROR;
				CLANG_WARN_EMPTY_BODY = YES;
				CLANG_WARN_ENUM_CONVERSION = YES;
				CLANG_WARN_INT_CONVERSION = YES;
				CLANG_WARN_OBJC_ROOT_CLASS = YES_ERROR;
				CLANG_WARN_UNREACHABLE_CODE = YES;
				CLANG_WARN__DUPLICATE_METHOD_MATCH = YES;
				CODE_SIGN_IDENTITY = "";
				COPY_PHASE_STRIP = NO;
				CURRENT_PROJECT_VERSION = 1;
				DEBUG_INFORMATION_FORMAT = dwarf;
				ENABLE_STRICT_OBJC_MSGSEND = YES;
				ENABLE_TESTABILITY = YES;
				GCC_C_LANGUAGE_STANDARD = gnu99;
				GCC_DYNAMIC_NO_PIC = NO;
				GCC_NO_COMMON_BLOCKS = YES;
				GCC_OPTIMIZATION_LEVEL = 0;
				GCC_PREPROCESSOR_DEFINITIONS = (
					"DEBUG=1",
					"$(inherited)",
				);
				GCC_WARN_64_TO_32_BIT_CONVERSION = YES;
				GCC_WARN_ABOUT_RETURN_TYPE = YES_ERROR;
				GCC_WARN_UNDECLARED_SELECTOR = YES;
				GCC_WARN_UNINITIALIZED_AUTOS = YES_AGGRESSIVE;
				GCC_WARN_UNUSED_FUNCTION = YES;
				GCC_WARN_UNUSED_VARIABLE = YES;
				MACOSX_DEPLOYMENT_TARGET = 10.11;
				MTL_ENABLE_DEBUG_INFO = YES;
				ONLY_ACTIVE_ARCH = YES;
				SDKROOT = macosx;
				SWIFT_OPTIMIZATION_LEVEL = "-Onone";
				VERSIONING_SYSTEM = "apple-generic";
				VERSION_INFO_PREFIX = "";
			};
			name = Debug;
		};
		BEAAE3F51C7B7BFA003C90BC /* Release */ = {
			isa = XCBuildConfiguration;
			buildSettings = {
				ALWAYS_SEARCH_USER_PATHS = NO;
				CLANG_CXX_LANGUAGE_STANDARD = "gnu++0x";
				CLANG_CXX_LIBRARY = "libc++";
				CLANG_ENABLE_MODULES = YES;
				CLANG_ENABLE_OBJC_ARC = YES;
				CLANG_WARN_BOOL_CONVERSION = YES;
				CLANG_WARN_CONSTANT_CONVERSION = YES;
				CLANG_WARN_DIRECT_OBJC_ISA_USAGE = YES_ERROR;
				CLANG_WARN_EMPTY_BODY = YES;
				CLANG_WARN_ENUM_CONVERSION = YES;
				CLANG_WARN_INT_CONVERSION = YES;
				CLANG_WARN_OBJC_ROOT_CLASS = YES_ERROR;
				CLANG_WARN_UNREACHABLE_CODE = YES;
				CLANG_WARN__DUPLICATE_METHOD_MATCH = YES;
				CODE_SIGN_IDENTITY = "";
				COPY_PHASE_STRIP = NO;
				CURRENT_PROJECT_VERSION = 1;
				DEBUG_INFORMATION_FORMAT = "dwarf-with-dsym";
				ENABLE_NS_ASSERTIONS = NO;
				ENABLE_STRICT_OBJC_MSGSEND = YES;
				GCC_C_LANGUAGE_STANDARD = gnu99;
				GCC_NO_COMMON_BLOCKS = YES;
				GCC_WARN_64_TO_32_BIT_CONVERSION = YES;
				GCC_WARN_ABOUT_RETURN_TYPE = YES_ERROR;
				GCC_WARN_UNDECLARED_SELECTOR = YES;
				GCC_WARN_UNINITIALIZED_AUTOS = YES_AGGRESSIVE;
				GCC_WARN_UNUSED_FUNCTION = YES;
				GCC_WARN_UNUSED_VARIABLE = YES;
				MACOSX_DEPLOYMENT_TARGET = 10.11;
				MTL_ENABLE_DEBUG_INFO = NO;
				SDKROOT = macosx;
				VERSIONING_SYSTEM = "apple-generic";
				VERSION_INFO_PREFIX = "";
			};
			name = Release;
		};
		BEAAE3F71C7B7BFA003C90BC /* Debug */ = {
			isa = XCBuildConfiguration;
			buildSettings = {
				APPLICATION_EXTENSION_API_ONLY = YES;
				CLANG_ENABLE_MODULES = YES;
				CODE_SIGN_IDENTITY = "";
				COMBINE_HIDPI_IMAGES = YES;
				DEFINES_MODULE = YES;
				DYLIB_COMPATIBILITY_VERSION = 1;
				DYLIB_CURRENT_VERSION = 1;
				DYLIB_INSTALL_NAME_BASE = "@rpath";
				FRAMEWORK_SEARCH_PATHS = (
					"$(inherited)",
					"$(PROJECT_DIR)/Carthage/Build/Mac",
				);
				FRAMEWORK_VERSION = A;
				INFOPLIST_FILE = SwiftyNURE/Info.plist;
				INSTALL_PATH = "$(LOCAL_LIBRARY_DIR)/Frameworks";
				LD_RUNPATH_SEARCH_PATHS = "$(inherited) @executable_path/../Frameworks @loader_path/Frameworks";
				MACOSX_DEPLOYMENT_TARGET = 10.11;
				PRODUCT_BUNDLE_IDENTIFIER = com.dreymonde.SwiftyNURE;
				PRODUCT_NAME = SwiftyNURE;
				SKIP_INSTALL = YES;
				SWIFT_OPTIMIZATION_LEVEL = "-Owholemodule";
			};
			name = Debug;
		};
		BEAAE3F81C7B7BFA003C90BC /* Release */ = {
			isa = XCBuildConfiguration;
			buildSettings = {
				APPLICATION_EXTENSION_API_ONLY = YES;
				CLANG_ENABLE_MODULES = YES;
				CODE_SIGN_IDENTITY = "";
				COMBINE_HIDPI_IMAGES = YES;
				DEFINES_MODULE = YES;
				DYLIB_COMPATIBILITY_VERSION = 1;
				DYLIB_CURRENT_VERSION = 1;
				DYLIB_INSTALL_NAME_BASE = "@rpath";
				FRAMEWORK_SEARCH_PATHS = (
					"$(inherited)",
					"$(PROJECT_DIR)/Carthage/Build/Mac",
				);
				FRAMEWORK_VERSION = A;
				INFOPLIST_FILE = SwiftyNURE/Info.plist;
				INSTALL_PATH = "$(LOCAL_LIBRARY_DIR)/Frameworks";
				LD_RUNPATH_SEARCH_PATHS = "$(inherited) @executable_path/../Frameworks @loader_path/Frameworks";
				MACOSX_DEPLOYMENT_TARGET = 10.11;
				PRODUCT_BUNDLE_IDENTIFIER = com.dreymonde.SwiftyNURE;
				PRODUCT_NAME = SwiftyNURE;
				SKIP_INSTALL = YES;
				SWIFT_OPTIMIZATION_LEVEL = "-Owholemodule";
			};
			name = Release;
		};
		BEAAE3FA1C7B7BFA003C90BC /* Debug */ = {
			isa = XCBuildConfiguration;
			buildSettings = {
				CODE_SIGN_IDENTITY = "";
				COMBINE_HIDPI_IMAGES = YES;
				FRAMEWORK_SEARCH_PATHS = (
					"$(inherited)",
					"$(PROJECT_DIR)/Carthage/Build/Mac",
				);
				INFOPLIST_FILE = SwiftyNURETests/Info.plist;
				LD_RUNPATH_SEARCH_PATHS = "$(inherited) @executable_path/../Frameworks @loader_path/../Frameworks";
				PRODUCT_BUNDLE_IDENTIFIER = com.dreymonde.SwiftyNURETests;
				PRODUCT_NAME = "$(TARGET_NAME)";
			};
			name = Debug;
		};
		BEAAE3FB1C7B7BFA003C90BC /* Release */ = {
			isa = XCBuildConfiguration;
			buildSettings = {
				CODE_SIGN_IDENTITY = "";
				COMBINE_HIDPI_IMAGES = YES;
				FRAMEWORK_SEARCH_PATHS = (
					"$(inherited)",
					"$(PROJECT_DIR)/Carthage/Build/Mac",
				);
				INFOPLIST_FILE = SwiftyNURETests/Info.plist;
				LD_RUNPATH_SEARCH_PATHS = "$(inherited) @executable_path/../Frameworks @loader_path/../Frameworks";
				PRODUCT_BUNDLE_IDENTIFIER = com.dreymonde.SwiftyNURETests;
				PRODUCT_NAME = "$(TARGET_NAME)";
			};
			name = Release;
		};
/* End XCBuildConfiguration section */

/* Begin XCConfigurationList section */
		BE0482111C873FD2005589E5 /* Build configuration list for PBXNativeTarget "SwiftyNURE watchOS" */ = {
			isa = XCConfigurationList;
			buildConfigurations = (
				BE04820F1C873FD2005589E5 /* Debug */,
				BE0482101C873FD2005589E5 /* Release */,
			);
			defaultConfigurationIsVisible = 0;
			defaultConfigurationName = Release;
		};
		BE04823A1C8740A3005589E5 /* Build configuration list for PBXNativeTarget "SwiftyNURE tvOS" */ = {
			isa = XCConfigurationList;
			buildConfigurations = (
				BE04823B1C8740A3005589E5 /* Debug */,
				BE04823C1C8740A3005589E5 /* Release */,
			);
			defaultConfigurationIsVisible = 0;
			defaultConfigurationName = Release;
		};
		BE22E4C11C8728F00069483F /* Build configuration list for PBXNativeTarget "SwiftyNURE iOS" */ = {
			isa = XCConfigurationList;
			buildConfigurations = (
				BE22E4BD1C8728F00069483F /* Debug */,
				BE22E4BE1C8728F00069483F /* Release */,
			);
			defaultConfigurationIsVisible = 0;
			defaultConfigurationName = Release;
		};
		BE22E4C21C8728F00069483F /* Build configuration list for PBXNativeTarget "SwiftyNURE iOS Tests" */ = {
			isa = XCConfigurationList;
			buildConfigurations = (
				BE22E4BF1C8728F00069483F /* Debug */,
				BE22E4C01C8728F00069483F /* Release */,
			);
			defaultConfigurationIsVisible = 0;
			defaultConfigurationName = Release;
		};
		BEAAE3DC1C7B7BFA003C90BC /* Build configuration list for PBXProject "SwiftyNURE" */ = {
			isa = XCConfigurationList;
			buildConfigurations = (
				BEAAE3F41C7B7BFA003C90BC /* Debug */,
				BEAAE3F51C7B7BFA003C90BC /* Release */,
			);
			defaultConfigurationIsVisible = 0;
			defaultConfigurationName = Release;
		};
		BEAAE3F61C7B7BFA003C90BC /* Build configuration list for PBXNativeTarget "SwiftyNURE OSX" */ = {
			isa = XCConfigurationList;
			buildConfigurations = (
				BEAAE3F71C7B7BFA003C90BC /* Debug */,
				BEAAE3F81C7B7BFA003C90BC /* Release */,
			);
			defaultConfigurationIsVisible = 0;
			defaultConfigurationName = Release;
		};
		BEAAE3F91C7B7BFA003C90BC /* Build configuration list for PBXNativeTarget "SwiftyNURE OSX Tests" */ = {
			isa = XCConfigurationList;
			buildConfigurations = (
				BEAAE3FA1C7B7BFA003C90BC /* Debug */,
				BEAAE3FB1C7B7BFA003C90BC /* Release */,
			);
			defaultConfigurationIsVisible = 0;
			defaultConfigurationName = Release;
		};
/* End XCConfigurationList section */
	};
	rootObject = BEAAE3D91C7B7BFA003C90BC /* Project object */;
}
