<?xml version="1.0" encoding="UTF-8"?>
<!DOCTYPE plist PUBLIC "-//Apple//DTD PLIST 1.0//EN" "http://www.apple.com/DTDs/PropertyList-1.0.dtd">
<plist version="1.0">
<dict>
	<key>archiveVersion</key>
	<string>1</string>
	<key>classes</key>
	<dict/>
	<key>objectVersion</key>
	<string>46</string>
	<key>objects</key>
	<dict>
		<key>BE0482051C873FD2005589E5</key>
		<dict>
			<key>buildActionMask</key>
			<string>2147483647</string>
			<key>files</key>
			<array>
				<string>BE04821F1C874007005589E5</string>
				<string>BE0482251C87400B005589E5</string>
				<string>BE04821D1C874007005589E5</string>
				<string>BE0482201C87400B005589E5</string>
				<string>BE0482271C87400B005589E5</string>
				<string>BE0482291C87400B005589E5</string>
				<string>BE0482281C87400B005589E5</string>
				<string>BE0482191C874004005589E5</string>
				<string>BE0482211C87400B005589E5</string>
				<string>BE0482241C87400B005589E5</string>
				<string>BE0482231C87400B005589E5</string>
				<string>BE04821C1C874007005589E5</string>
				<string>BE0482261C87400B005589E5</string>
				<string>BE04821B1C874007005589E5</string>
				<string>BE04821A1C874007005589E5</string>
				<string>BE0482221C87400B005589E5</string>
				<string>BE0482181C874004005589E5</string>
				<string>BE04821E1C874007005589E5</string>
				<string>BE0482171C874004005589E5</string>
				<string>BE0482161C874004005589E5</string>
				<string>BE0482141C874000005589E5</string>
				<string>BE0482121C874000005589E5</string>
				<string>BE0482131C874000005589E5</string>
				<string>BE0482151C874000005589E5</string>
			</array>
			<key>isa</key>
			<string>PBXSourcesBuildPhase</string>
			<key>runOnlyForDeploymentPostprocessing</key>
			<string>0</string>
		</dict>
		<key>BE0482061C873FD2005589E5</key>
		<dict>
			<key>buildActionMask</key>
			<string>2147483647</string>
			<key>files</key>
			<array>
				<string>BE04822C1C87401F005589E5</string>
			</array>
			<key>isa</key>
			<string>PBXFrameworksBuildPhase</string>
			<key>runOnlyForDeploymentPostprocessing</key>
			<string>0</string>
		</dict>
		<key>BE0482071C873FD2005589E5</key>
		<dict>
			<key>buildActionMask</key>
			<string>2147483647</string>
			<key>files</key>
			<array>
				<string>BE04822F1C874072005589E5</string>
			</array>
			<key>isa</key>
			<string>PBXHeadersBuildPhase</string>
			<key>runOnlyForDeploymentPostprocessing</key>
			<string>0</string>
		</dict>
		<key>BE0482081C873FD2005589E5</key>
		<dict>
			<key>buildActionMask</key>
			<string>2147483647</string>
			<key>files</key>
			<array/>
			<key>isa</key>
			<string>PBXResourcesBuildPhase</string>
			<key>runOnlyForDeploymentPostprocessing</key>
			<string>0</string>
		</dict>
		<key>BE0482091C873FD2005589E5</key>
		<dict>
			<key>buildConfigurationList</key>
			<string>BE0482111C873FD2005589E5</string>
			<key>buildPhases</key>
			<array>
				<string>BE0482051C873FD2005589E5</string>
				<string>BE0482061C873FD2005589E5</string>
				<string>BE0482071C873FD2005589E5</string>
				<string>BE0482081C873FD2005589E5</string>
				<string>BE04822D1C874038005589E5</string>
			</array>
			<key>buildRules</key>
			<array/>
			<key>dependencies</key>
			<array/>
			<key>isa</key>
			<string>PBXNativeTarget</string>
			<key>name</key>
			<string>SwiftyNURE watchOS</string>
			<key>productName</key>
			<string>SwiftyNURE watchOS</string>
			<key>productReference</key>
			<string>BE04820A1C873FD2005589E5</string>
			<key>productType</key>
			<string>com.apple.product-type.framework</string>
		</dict>
		<key>BE04820A1C873FD2005589E5</key>
		<dict>
			<key>explicitFileType</key>
			<string>wrapper.framework</string>
			<key>includeInIndex</key>
			<string>0</string>
			<key>isa</key>
			<string>PBXFileReference</string>
			<key>path</key>
			<string>SwiftyNURE.framework</string>
			<key>sourceTree</key>
			<string>BUILT_PRODUCTS_DIR</string>
		</dict>
		<key>BE04820F1C873FD2005589E5</key>
		<dict>
			<key>buildSettings</key>
			<dict>
				<key>APPLICATION_EXTENSION_API_ONLY</key>
				<string>YES</string>
				<key>DEFINES_MODULE</key>
				<string>YES</string>
				<key>DYLIB_COMPATIBILITY_VERSION</key>
				<string>1</string>
				<key>DYLIB_CURRENT_VERSION</key>
				<string>1</string>
				<key>DYLIB_INSTALL_NAME_BASE</key>
				<string>@rpath</string>
				<key>FRAMEWORK_SEARCH_PATHS</key>
				<array>
					<string>$(inherited)</string>
					<string>$(PROJECT_DIR)/Carthage/Build/watchOS</string>
				</array>
				<key>INFOPLIST_FILE</key>
				<string>Sources/Info.plist</string>
				<key>INSTALL_PATH</key>
				<string>$(LOCAL_LIBRARY_DIR)/Frameworks</string>
				<key>LD_RUNPATH_SEARCH_PATHS</key>
				<string>$(inherited) @executable_path/Frameworks @loader_path/Frameworks</string>
				<key>PRODUCT_BUNDLE_IDENTIFIER</key>
				<string>com.dreymonde.SwiftyNURE</string>
				<key>PRODUCT_NAME</key>
				<string>SwiftyNURE</string>
				<key>SDKROOT</key>
				<string>watchos</string>
				<key>SKIP_INSTALL</key>
				<string>YES</string>
				<key>TARGETED_DEVICE_FAMILY</key>
				<string>4</string>
				<key>WATCHOS_DEPLOYMENT_TARGET</key>
				<string>2.0</string>
			</dict>
			<key>isa</key>
			<string>XCBuildConfiguration</string>
			<key>name</key>
			<string>Debug</string>
		</dict>
		<key>BE0482101C873FD2005589E5</key>
		<dict>
			<key>buildSettings</key>
			<dict>
				<key>APPLICATION_EXTENSION_API_ONLY</key>
				<string>YES</string>
				<key>DEFINES_MODULE</key>
				<string>YES</string>
				<key>DYLIB_COMPATIBILITY_VERSION</key>
				<string>1</string>
				<key>DYLIB_CURRENT_VERSION</key>
				<string>1</string>
				<key>DYLIB_INSTALL_NAME_BASE</key>
				<string>@rpath</string>
				<key>FRAMEWORK_SEARCH_PATHS</key>
				<array>
					<string>$(inherited)</string>
					<string>$(PROJECT_DIR)/Carthage/Build/watchOS</string>
				</array>
				<key>INFOPLIST_FILE</key>
				<string>Sources/Info.plist</string>
				<key>INSTALL_PATH</key>
				<string>$(LOCAL_LIBRARY_DIR)/Frameworks</string>
				<key>LD_RUNPATH_SEARCH_PATHS</key>
				<string>$(inherited) @executable_path/Frameworks @loader_path/Frameworks</string>
				<key>PRODUCT_BUNDLE_IDENTIFIER</key>
				<string>com.dreymonde.SwiftyNURE</string>
				<key>PRODUCT_NAME</key>
				<string>SwiftyNURE</string>
				<key>SDKROOT</key>
				<string>watchos</string>
				<key>SKIP_INSTALL</key>
				<string>YES</string>
				<key>TARGETED_DEVICE_FAMILY</key>
				<string>4</string>
				<key>VALIDATE_PRODUCT</key>
				<string>YES</string>
				<key>WATCHOS_DEPLOYMENT_TARGET</key>
				<string>2.0</string>
			</dict>
			<key>isa</key>
			<string>XCBuildConfiguration</string>
			<key>name</key>
			<string>Release</string>
		</dict>
		<key>BE0482111C873FD2005589E5</key>
		<dict>
			<key>buildConfigurations</key>
			<array>
				<string>BE04820F1C873FD2005589E5</string>
				<string>BE0482101C873FD2005589E5</string>
			</array>
			<key>defaultConfigurationIsVisible</key>
			<string>0</string>
			<key>defaultConfigurationName</key>
			<string>Release</string>
			<key>isa</key>
			<string>XCConfigurationList</string>
		</dict>
		<key>BE0482121C874000005589E5</key>
		<dict>
			<key>fileRef</key>
			<string>BEAAE3FD1C7B7C2D003C90BC</string>
			<key>isa</key>
			<string>PBXBuildFile</string>
		</dict>
		<key>BE0482131C874000005589E5</key>
		<dict>
			<key>fileRef</key>
			<string>BE3645431C85B3CD006C23AD</string>
			<key>isa</key>
			<string>PBXBuildFile</string>
		</dict>
		<key>BE0482141C874000005589E5</key>
		<dict>
			<key>fileRef</key>
			<string>BEAAE3FE1C7B7C2D003C90BC</string>
			<key>isa</key>
			<string>PBXBuildFile</string>
		</dict>
		<key>BE0482151C874000005589E5</key>
		<dict>
			<key>fileRef</key>
			<string>BE080C2A1C8711340019966A</string>
			<key>isa</key>
			<string>PBXBuildFile</string>
		</dict>
		<key>BE0482161C874004005589E5</key>
		<dict>
			<key>fileRef</key>
			<string>BEAAE3FF1C7B7C2D003C90BC</string>
			<key>isa</key>
			<string>PBXBuildFile</string>
		</dict>
		<key>BE0482171C874004005589E5</key>
		<dict>
			<key>fileRef</key>
			<string>BEAAE4001C7B7C2D003C90BC</string>
			<key>isa</key>
			<string>PBXBuildFile</string>
		</dict>
		<key>BE0482181C874004005589E5</key>
		<dict>
			<key>fileRef</key>
			<string>BEAAE4011C7B7C2D003C90BC</string>
			<key>isa</key>
			<string>PBXBuildFile</string>
		</dict>
		<key>BE0482191C874004005589E5</key>
		<dict>
			<key>fileRef</key>
			<string>BEAAE4021C7B7C2D003C90BC</string>
			<key>isa</key>
			<string>PBXBuildFile</string>
		</dict>
		<key>BE04821A1C874007005589E5</key>
		<dict>
			<key>fileRef</key>
			<string>BEAAE4031C7B7C2D003C90BC</string>
			<key>isa</key>
			<string>PBXBuildFile</string>
		</dict>
		<key>BE04821B1C874007005589E5</key>
		<dict>
			<key>fileRef</key>
			<string>BEAAE4041C7B7C2D003C90BC</string>
			<key>isa</key>
			<string>PBXBuildFile</string>
		</dict>
		<key>BE04821C1C874007005589E5</key>
		<dict>
			<key>fileRef</key>
			<string>BEAAE4051C7B7C2D003C90BC</string>
			<key>isa</key>
			<string>PBXBuildFile</string>
		</dict>
		<key>BE04821D1C874007005589E5</key>
		<dict>
			<key>fileRef</key>
			<string>BEAAE4061C7B7C2D003C90BC</string>
			<key>isa</key>
			<string>PBXBuildFile</string>
		</dict>
		<key>BE04821E1C874007005589E5</key>
		<dict>
			<key>fileRef</key>
			<string>BEAAE4071C7B7C2D003C90BC</string>
			<key>isa</key>
			<string>PBXBuildFile</string>
		</dict>
		<key>BE04821F1C874007005589E5</key>
		<dict>
			<key>fileRef</key>
			<string>BEAAE4081C7B7C2D003C90BC</string>
			<key>isa</key>
			<string>PBXBuildFile</string>
		</dict>
		<key>BE0482201C87400B005589E5</key>
		<dict>
			<key>fileRef</key>
			<string>BEAAE4091C7B7C2D003C90BC</string>
			<key>isa</key>
			<string>PBXBuildFile</string>
		</dict>
		<key>BE0482211C87400B005589E5</key>
		<dict>
			<key>fileRef</key>
			<string>BEAAE40A1C7B7C2D003C90BC</string>
			<key>isa</key>
			<string>PBXBuildFile</string>
		</dict>
		<key>BE0482221C87400B005589E5</key>
		<dict>
			<key>fileRef</key>
			<string>BEAAE40B1C7B7C2D003C90BC</string>
			<key>isa</key>
			<string>PBXBuildFile</string>
		</dict>
		<key>BE0482231C87400B005589E5</key>
		<dict>
			<key>fileRef</key>
			<string>BEAAE40C1C7B7C2D003C90BC</string>
			<key>isa</key>
			<string>PBXBuildFile</string>
		</dict>
		<key>BE0482241C87400B005589E5</key>
		<dict>
			<key>fileRef</key>
			<string>BEAAE40D1C7B7C2D003C90BC</string>
			<key>isa</key>
			<string>PBXBuildFile</string>
		</dict>
		<key>BE0482251C87400B005589E5</key>
		<dict>
			<key>fileRef</key>
			<string>BEAAE40E1C7B7C2D003C90BC</string>
			<key>isa</key>
			<string>PBXBuildFile</string>
		</dict>
		<key>BE0482261C87400B005589E5</key>
		<dict>
			<key>fileRef</key>
			<string>BEAAE40F1C7B7C2D003C90BC</string>
			<key>isa</key>
			<string>PBXBuildFile</string>
		</dict>
		<key>BE0482271C87400B005589E5</key>
		<dict>
			<key>fileRef</key>
			<string>BE080C211C86FE280019966A</string>
			<key>isa</key>
			<string>PBXBuildFile</string>
		</dict>
		<key>BE0482281C87400B005589E5</key>
		<dict>
			<key>fileRef</key>
			<string>BE080C231C87020B0019966A</string>
			<key>isa</key>
			<string>PBXBuildFile</string>
		</dict>
		<key>BE0482291C87400B005589E5</key>
		<dict>
			<key>fileRef</key>
			<string>BEAAE4161C7B7C2D003C90BC</string>
			<key>isa</key>
			<string>PBXBuildFile</string>
		</dict>
		<key>BE04822B1C87401F005589E5</key>
		<dict>
			<key>isa</key>
			<string>PBXFileReference</string>
			<key>lastKnownFileType</key>
			<string>wrapper.framework</string>
			<key>name</key>
			<string>EezehRequests.framework</string>
			<key>path</key>
			<string>Carthage/Build/watchOS/EezehRequests.framework</string>
			<key>sourceTree</key>
			<string>&lt;group&gt;</string>
		</dict>
		<key>BE04822C1C87401F005589E5</key>
		<dict>
			<key>fileRef</key>
			<string>BE04822B1C87401F005589E5</string>
			<key>isa</key>
			<string>PBXBuildFile</string>
		</dict>
		<key>BE04822D1C874038005589E5</key>
		<dict>
			<key>buildActionMask</key>
			<string>2147483647</string>
			<key>dstPath</key>
			<string></string>
			<key>dstSubfolderSpec</key>
			<string>10</string>
			<key>files</key>
			<array>
				<string>BE04822E1C874040005589E5</string>
			</array>
			<key>isa</key>
			<string>PBXCopyFilesBuildPhase</string>
			<key>runOnlyForDeploymentPostprocessing</key>
			<string>0</string>
		</dict>
		<key>BE04822E1C874040005589E5</key>
		<dict>
			<key>fileRef</key>
			<string>BE04822B1C87401F005589E5</string>
			<key>isa</key>
			<string>PBXBuildFile</string>
			<key>settings</key>
			<dict>
				<key>ATTRIBUTES</key>
				<array>
					<string>CodeSignOnCopy</string>
					<string>RemoveHeadersOnCopy</string>
				</array>
			</dict>
		</dict>
		<key>BE04822F1C874072005589E5</key>
		<dict>
			<key>fileRef</key>
			<string>BEAAE3E51C7B7BFA003C90BC</string>
			<key>isa</key>
			<string>PBXBuildFile</string>
			<key>settings</key>
			<dict>
				<key>ATTRIBUTES</key>
				<array>
					<string>Public</string>
				</array>
			</dict>
		</dict>
		<key>BE0482301C8740A3005589E5</key>
		<dict>
			<key>buildActionMask</key>
			<string>2147483647</string>
			<key>files</key>
			<array/>
			<key>isa</key>
			<string>PBXSourcesBuildPhase</string>
			<key>runOnlyForDeploymentPostprocessing</key>
			<string>0</string>
		</dict>
		<key>BE0482311C8740A3005589E5</key>
		<dict>
			<key>buildActionMask</key>
			<string>2147483647</string>
			<key>files</key>
			<array>
				<string>BE04823E1C8740ED005589E5</string>
			</array>
			<key>isa</key>
			<string>PBXFrameworksBuildPhase</string>
			<key>runOnlyForDeploymentPostprocessing</key>
			<string>0</string>
		</dict>
		<key>BE0482321C8740A3005589E5</key>
		<dict>
			<key>buildActionMask</key>
			<string>2147483647</string>
			<key>files</key>
			<array/>
			<key>isa</key>
			<string>PBXHeadersBuildPhase</string>
			<key>runOnlyForDeploymentPostprocessing</key>
			<string>0</string>
		</dict>
		<key>BE0482331C8740A3005589E5</key>
		<dict>
			<key>buildActionMask</key>
			<string>2147483647</string>
			<key>files</key>
			<array/>
			<key>isa</key>
			<string>PBXResourcesBuildPhase</string>
			<key>runOnlyForDeploymentPostprocessing</key>
			<string>0</string>
		</dict>
		<key>BE0482341C8740A3005589E5</key>
		<dict>
			<key>buildConfigurationList</key>
			<string>BE04823A1C8740A3005589E5</string>
			<key>buildPhases</key>
			<array>
				<string>BE0482301C8740A3005589E5</string>
				<string>BE0482311C8740A3005589E5</string>
				<string>BE0482321C8740A3005589E5</string>
				<string>BE0482331C8740A3005589E5</string>
				<string>BE04823F1C874102005589E5</string>
			</array>
			<key>buildRules</key>
			<array/>
			<key>dependencies</key>
			<array/>
			<key>isa</key>
			<string>PBXNativeTarget</string>
			<key>name</key>
			<string>SwiftyNURE tvOS</string>
			<key>productName</key>
			<string>SwiftyNURE tvOS</string>
			<key>productReference</key>
			<string>BE0482351C8740A3005589E5</string>
			<key>productType</key>
			<string>com.apple.product-type.framework</string>
		</dict>
		<key>BE0482351C8740A3005589E5</key>
		<dict>
			<key>explicitFileType</key>
			<string>wrapper.framework</string>
			<key>includeInIndex</key>
			<string>0</string>
			<key>isa</key>
			<string>PBXFileReference</string>
			<key>path</key>
			<string>SwiftyNURE.framework</string>
			<key>sourceTree</key>
			<string>BUILT_PRODUCTS_DIR</string>
		</dict>
		<key>BE04823A1C8740A3005589E5</key>
		<dict>
			<key>buildConfigurations</key>
			<array>
				<string>BE04823B1C8740A3005589E5</string>
				<string>BE04823C1C8740A3005589E5</string>
			</array>
			<key>defaultConfigurationIsVisible</key>
			<string>0</string>
			<key>defaultConfigurationName</key>
			<string>Release</string>
			<key>isa</key>
			<string>XCConfigurationList</string>
		</dict>
		<key>BE04823B1C8740A3005589E5</key>
		<dict>
			<key>buildSettings</key>
			<dict>
				<key>APPLICATION_EXTENSION_API_ONLY</key>
				<string>YES</string>
				<key>DEFINES_MODULE</key>
				<string>YES</string>
				<key>DYLIB_COMPATIBILITY_VERSION</key>
				<string>1</string>
				<key>DYLIB_CURRENT_VERSION</key>
				<string>1</string>
				<key>DYLIB_INSTALL_NAME_BASE</key>
				<string>@rpath</string>
				<key>FRAMEWORK_SEARCH_PATHS</key>
				<array>
					<string>$(inherited)</string>
					<string>$(PROJECT_DIR)/Carthage/Build/tvOS</string>
				</array>
				<key>INFOPLIST_FILE</key>
				<string>Sources/Info.plist</string>
				<key>INSTALL_PATH</key>
				<string>$(LOCAL_LIBRARY_DIR)/Frameworks</string>
				<key>LD_RUNPATH_SEARCH_PATHS</key>
				<string>$(inherited) @executable_path/Frameworks @loader_path/Frameworks</string>
				<key>PRODUCT_BUNDLE_IDENTIFIER</key>
				<string>com.dreymonde.SwiftyNURE</string>
				<key>PRODUCT_NAME</key>
				<string>SwiftyNURE</string>
				<key>SDKROOT</key>
				<string>appletvos</string>
				<key>SKIP_INSTALL</key>
				<string>YES</string>
				<key>TARGETED_DEVICE_FAMILY</key>
				<string>3</string>
				<key>TVOS_DEPLOYMENT_TARGET</key>
				<string>9.0</string>
			</dict>
			<key>isa</key>
			<string>XCBuildConfiguration</string>
			<key>name</key>
			<string>Debug</string>
		</dict>
		<key>BE04823C1C8740A3005589E5</key>
		<dict>
			<key>buildSettings</key>
			<dict>
				<key>APPLICATION_EXTENSION_API_ONLY</key>
				<string>YES</string>
				<key>DEFINES_MODULE</key>
				<string>YES</string>
				<key>DYLIB_COMPATIBILITY_VERSION</key>
				<string>1</string>
				<key>DYLIB_CURRENT_VERSION</key>
				<string>1</string>
				<key>DYLIB_INSTALL_NAME_BASE</key>
				<string>@rpath</string>
				<key>FRAMEWORK_SEARCH_PATHS</key>
				<array>
					<string>$(inherited)</string>
					<string>$(PROJECT_DIR)/Carthage/Build/tvOS</string>
				</array>
				<key>INFOPLIST_FILE</key>
				<string>Sources/Info.plist</string>
				<key>INSTALL_PATH</key>
				<string>$(LOCAL_LIBRARY_DIR)/Frameworks</string>
				<key>LD_RUNPATH_SEARCH_PATHS</key>
				<string>$(inherited) @executable_path/Frameworks @loader_path/Frameworks</string>
				<key>PRODUCT_BUNDLE_IDENTIFIER</key>
				<string>com.dreymonde.SwiftyNURE</string>
				<key>PRODUCT_NAME</key>
				<string>SwiftyNURE</string>
				<key>SDKROOT</key>
				<string>appletvos</string>
				<key>SKIP_INSTALL</key>
				<string>YES</string>
				<key>TARGETED_DEVICE_FAMILY</key>
				<string>3</string>
				<key>TVOS_DEPLOYMENT_TARGET</key>
				<string>9.0</string>
				<key>VALIDATE_PRODUCT</key>
				<string>YES</string>
			</dict>
			<key>isa</key>
			<string>XCBuildConfiguration</string>
			<key>name</key>
			<string>Release</string>
		</dict>
		<key>BE04823D1C8740ED005589E5</key>
		<dict>
			<key>isa</key>
			<string>PBXFileReference</string>
			<key>lastKnownFileType</key>
			<string>wrapper.framework</string>
			<key>name</key>
			<string>EezehRequests.framework</string>
			<key>path</key>
			<string>Carthage/Build/tvOS/EezehRequests.framework</string>
			<key>sourceTree</key>
			<string>&lt;group&gt;</string>
		</dict>
		<key>BE04823E1C8740ED005589E5</key>
		<dict>
			<key>fileRef</key>
			<string>BE04823D1C8740ED005589E5</string>
			<key>isa</key>
			<string>PBXBuildFile</string>
		</dict>
		<key>BE04823F1C874102005589E5</key>
		<dict>
			<key>buildActionMask</key>
			<string>2147483647</string>
			<key>dstPath</key>
			<string></string>
			<key>dstSubfolderSpec</key>
			<string>10</string>
			<key>files</key>
			<array>
				<string>BE0482401C87410A005589E5</string>
			</array>
			<key>isa</key>
			<string>PBXCopyFilesBuildPhase</string>
			<key>runOnlyForDeploymentPostprocessing</key>
			<string>0</string>
		</dict>
		<key>BE0482401C87410A005589E5</key>
		<dict>
			<key>fileRef</key>
			<string>BE04823D1C8740ED005589E5</string>
			<key>isa</key>
			<string>PBXBuildFile</string>
			<key>settings</key>
			<dict>
				<key>ATTRIBUTES</key>
				<array>
					<string>CodeSignOnCopy</string>
					<string>RemoveHeadersOnCopy</string>
				</array>
			</dict>
		</dict>
		<key>BE080C161C86F0D00019966A</key>
		<dict>
			<key>isa</key>
			<string>PBXFileReference</string>
			<key>lastKnownFileType</key>
			<string>wrapper.framework</string>
			<key>name</key>
			<string>EezehRequests.framework</string>
			<key>path</key>
			<string>Carthage/Build/Mac/EezehRequests.framework</string>
			<key>sourceTree</key>
			<string>&lt;group&gt;</string>
		</dict>
		<key>BE080C171C86F0D00019966A</key>
		<dict>
			<key>fileRef</key>
			<string>BE080C161C86F0D00019966A</string>
			<key>isa</key>
			<string>PBXBuildFile</string>
		</dict>
		<key>BE080C181C86F0DA0019966A</key>
		<dict>
			<key>fileRef</key>
			<string>BE080C161C86F0D00019966A</string>
			<key>isa</key>
			<string>PBXBuildFile</string>
			<key>settings</key>
			<dict>
				<key>ATTRIBUTES</key>
				<array>
					<string>CodeSignOnCopy</string>
					<string>RemoveHeadersOnCopy</string>
				</array>
			</dict>
		</dict>
		<key>BE080C191C86FD0A0019966A</key>
		<dict>
			<key>fileRef</key>
			<string>BE080C161C86F0D00019966A</string>
			<key>isa</key>
			<string>PBXBuildFile</string>
		</dict>
		<key>BE080C1A1C86FD0C0019966A</key>
		<dict>
			<key>fileRef</key>
			<string>BE080C161C86F0D00019966A</string>
			<key>isa</key>
			<string>PBXBuildFile</string>
			<key>settings</key>
			<dict>
				<key>ATTRIBUTES</key>
				<array>
					<string>CodeSignOnCopy</string>
					<string>RemoveHeadersOnCopy</string>
				</array>
			</dict>
		</dict>
		<key>BE080C1B1C86FDED0019966A</key>
		<dict>
			<key>fileRef</key>
			<string>BEAAE4001C7B7C2D003C90BC</string>
			<key>isa</key>
			<string>PBXBuildFile</string>
		</dict>
		<key>BE080C1E1C86FDF60019966A</key>
		<dict>
			<key>fileRef</key>
			<string>BEAAE4341C7B7C3C003C90BC</string>
			<key>isa</key>
			<string>PBXBuildFile</string>
		</dict>
		<key>BE080C211C86FE280019966A</key>
		<dict>
			<key>fileEncoding</key>
			<string>4</string>
			<key>isa</key>
			<string>PBXFileReference</string>
			<key>lastKnownFileType</key>
			<string>sourcecode.swift</string>
			<key>path</key>
			<string>GroupsParser.swift</string>
			<key>sourceTree</key>
			<string>&lt;group&gt;</string>
		</dict>
		<key>BE080C221C86FE280019966A</key>
		<dict>
			<key>fileRef</key>
			<string>BE080C211C86FE280019966A</string>
			<key>isa</key>
			<string>PBXBuildFile</string>
		</dict>
		<key>BE080C231C87020B0019966A</key>
		<dict>
			<key>fileEncoding</key>
			<string>4</string>
			<key>isa</key>
			<string>PBXFileReference</string>
			<key>lastKnownFileType</key>
			<string>sourcecode.swift</string>
			<key>path</key>
			<string>TeachersParser.swift</string>
			<key>sourceTree</key>
			<string>&lt;group&gt;</string>
		</dict>
		<key>BE080C251C8705880019966A</key>
		<dict>
			<key>fileRef</key>
			<string>BEAAE4011C7B7C2D003C90BC</string>
			<key>isa</key>
			<string>PBXBuildFile</string>
		</dict>
		<key>BE080C261C87058B0019966A</key>
		<dict>
			<key>fileRef</key>
			<string>BEAAE4021C7B7C2D003C90BC</string>
			<key>isa</key>
			<string>PBXBuildFile</string>
		</dict>
		<key>BE080C271C87058F0019966A</key>
		<dict>
			<key>fileRef</key>
			<string>BE080C231C87020B0019966A</string>
			<key>isa</key>
			<string>PBXBuildFile</string>
		</dict>
		<key>BE080C281C8707610019966A</key>
		<dict>
			<key>fileRef</key>
			<string>BEAAE4361C7B7C3C003C90BC</string>
			<key>isa</key>
			<string>PBXBuildFile</string>
		</dict>
		<key>BE080C2A1C8711340019966A</key>
		<dict>
			<key>fileEncoding</key>
			<string>4</string>
			<key>isa</key>
			<string>PBXFileReference</string>
			<key>lastKnownFileType</key>
			<string>sourcecode.swift</string>
			<key>path</key>
			<string>SwiftyNURE+JSONProtocols.swift</string>
			<key>sourceTree</key>
			<string>&lt;group&gt;</string>
		</dict>
		<key>BE080C2B1C8711340019966A</key>
		<dict>
			<key>fileRef</key>
			<string>BE080C2A1C8711340019966A</string>
			<key>isa</key>
			<string>PBXBuildFile</string>
		</dict>
		<key>BE22E4A61C871D8F0069483F</key>
		<dict>
			<key>fileRef</key>
			<string>BEAAE4371C7B7C3C003C90BC</string>
			<key>isa</key>
			<string>PBXBuildFile</string>
		</dict>
		<key>BE22E4A71C8728F00069483F</key>
		<dict>
			<key>buildActionMask</key>
			<string>2147483647</string>
			<key>files</key>
			<array>
				<string>BE22E4D41C8729C10069483F</string>
				<string>BE22E4DA1C8729C50069483F</string>
				<string>BE22E4D21C8729C10069483F</string>
				<string>BE22E4D51C8729C50069483F</string>
				<string>BE22E4DC1C8729C50069483F</string>
				<string>BE22E4DE1C8729C50069483F</string>
				<string>BE22E4DD1C8729C50069483F</string>
				<string>BE22E4CE1C8729BE0069483F</string>
				<string>BE22E4D61C8729C50069483F</string>
				<string>BE22E4D91C8729C50069483F</string>
				<string>BE22E4D81C8729C50069483F</string>
				<string>BE22E4D11C8729C10069483F</string>
				<string>BE22E4DB1C8729C50069483F</string>
				<string>BE22E4D01C8729C10069483F</string>
				<string>BE22E4CF1C8729C10069483F</string>
				<string>BE22E4D71C8729C50069483F</string>
				<string>BE22E4CD1C8729BE0069483F</string>
				<string>BE22E4D31C8729C10069483F</string>
				<string>BE22E4CC1C8729BE0069483F</string>
				<string>BE22E4CB1C8729BE0069483F</string>
				<string>BE22E4C91C8729BB0069483F</string>
				<string>BE22E4C71C8729BB0069483F</string>
				<string>BE22E4C81C8729BB0069483F</string>
				<string>BE22E4CA1C8729BB0069483F</string>
			</array>
			<key>isa</key>
			<string>PBXSourcesBuildPhase</string>
			<key>runOnlyForDeploymentPostprocessing</key>
			<string>0</string>
		</dict>
		<key>BE22E4A81C8728F00069483F</key>
		<dict>
			<key>buildActionMask</key>
			<string>2147483647</string>
			<key>files</key>
			<array>
				<string>BE41DB491C872C060062F561</string>
			</array>
			<key>isa</key>
			<string>PBXFrameworksBuildPhase</string>
			<key>runOnlyForDeploymentPostprocessing</key>
			<string>0</string>
		</dict>
		<key>BE22E4A91C8728F00069483F</key>
		<dict>
			<key>buildActionMask</key>
			<string>2147483647</string>
			<key>files</key>
			<array>
				<string>BE22E4C61C87298F0069483F</string>
			</array>
			<key>isa</key>
			<string>PBXHeadersBuildPhase</string>
			<key>runOnlyForDeploymentPostprocessing</key>
			<string>0</string>
		</dict>
		<key>BE22E4AA1C8728F00069483F</key>
		<dict>
			<key>buildActionMask</key>
			<string>2147483647</string>
			<key>files</key>
			<array/>
			<key>isa</key>
			<string>PBXResourcesBuildPhase</string>
			<key>runOnlyForDeploymentPostprocessing</key>
			<string>0</string>
		</dict>
		<key>BE22E4AB1C8728F00069483F</key>
		<dict>
			<key>buildConfigurationList</key>
			<string>BE22E4C11C8728F00069483F</string>
			<key>buildPhases</key>
			<array>
				<string>BE22E4A71C8728F00069483F</string>
				<string>BE22E4A81C8728F00069483F</string>
				<string>BE22E4A91C8728F00069483F</string>
				<string>BE22E4AA1C8728F00069483F</string>
				<string>BE22E4C31C87292C0069483F</string>
			</array>
			<key>buildRules</key>
			<array/>
			<key>dependencies</key>
			<array/>
			<key>isa</key>
			<string>PBXNativeTarget</string>
			<key>name</key>
			<string>SwiftyNURE iOS</string>
			<key>productName</key>
			<string>SwiftyNURE iOS</string>
			<key>productReference</key>
			<string>BE22E4AC1C8728F00069483F</string>
			<key>productType</key>
			<string>com.apple.product-type.framework</string>
		</dict>
		<key>BE22E4AC1C8728F00069483F</key>
		<dict>
			<key>explicitFileType</key>
			<string>wrapper.framework</string>
			<key>includeInIndex</key>
			<string>0</string>
			<key>isa</key>
			<string>PBXFileReference</string>
			<key>path</key>
			<string>SwiftyNURE.framework</string>
			<key>sourceTree</key>
			<string>BUILT_PRODUCTS_DIR</string>
		</dict>
		<key>BE22E4B11C8728F00069483F</key>
		<dict>
			<key>buildActionMask</key>
			<string>2147483647</string>
			<key>files</key>
			<array>
				<string>BE22E4E21C8729CD0069483F</string>
				<string>BE22E4E01C8729CD0069483F</string>
				<string>BE22E4DF1C8729CD0069483F</string>
				<string>BE22E4E31C8729CD0069483F</string>
				<string>BE22E4E41C8729CD0069483F</string>
				<string>BE22E4E11C8729CD0069483F</string>
			</array>
			<key>isa</key>
			<string>PBXSourcesBuildPhase</string>
			<key>runOnlyForDeploymentPostprocessing</key>
			<string>0</string>
		</dict>
		<key>BE22E4B21C8728F00069483F</key>
		<dict>
			<key>buildActionMask</key>
			<string>2147483647</string>
			<key>files</key>
			<array>
				<string>BE41DB4A1C872C060062F561</string>
				<string>BE22E4B61C8728F00069483F</string>
			</array>
			<key>isa</key>
			<string>PBXFrameworksBuildPhase</string>
			<key>runOnlyForDeploymentPostprocessing</key>
			<string>0</string>
		</dict>
		<key>BE22E4B31C8728F00069483F</key>
		<dict>
			<key>buildActionMask</key>
			<string>2147483647</string>
			<key>files</key>
			<array/>
			<key>isa</key>
			<string>PBXResourcesBuildPhase</string>
			<key>runOnlyForDeploymentPostprocessing</key>
			<string>0</string>
		</dict>
		<key>BE22E4B41C8728F00069483F</key>
		<dict>
			<key>buildConfigurationList</key>
			<string>BE22E4C21C8728F00069483F</string>
			<key>buildPhases</key>
			<array>
				<string>BE22E4B11C8728F00069483F</string>
				<string>BE22E4B21C8728F00069483F</string>
				<string>BE22E4B31C8728F00069483F</string>
				<string>BE41DB4D1C872E1A0062F561</string>
			</array>
			<key>buildRules</key>
			<array/>
			<key>dependencies</key>
			<array>
				<string>BE22E4B81C8728F00069483F</string>
			</array>
			<key>isa</key>
			<string>PBXNativeTarget</string>
			<key>name</key>
			<string>SwiftyNURE iOS Tests</string>
			<key>productName</key>
			<string>SwiftyNURE iOSTests</string>
			<key>productReference</key>
			<string>BE22E4B51C8728F00069483F</string>
			<key>productType</key>
			<string>com.apple.product-type.bundle.unit-test</string>
		</dict>
		<key>BE22E4B51C8728F00069483F</key>
		<dict>
			<key>explicitFileType</key>
			<string>wrapper.cfbundle</string>
			<key>includeInIndex</key>
			<string>0</string>
			<key>isa</key>
			<string>PBXFileReference</string>
			<key>path</key>
			<string>SwiftyNURE iOS Tests.xctest</string>
			<key>sourceTree</key>
			<string>BUILT_PRODUCTS_DIR</string>
		</dict>
		<key>BE22E4B61C8728F00069483F</key>
		<dict>
			<key>fileRef</key>
			<string>BE22E4AC1C8728F00069483F</string>
			<key>isa</key>
			<string>PBXBuildFile</string>
		</dict>
		<key>BE22E4B71C8728F00069483F</key>
		<dict>
			<key>containerPortal</key>
			<string>BEAAE3D91C7B7BFA003C90BC</string>
			<key>isa</key>
			<string>PBXContainerItemProxy</string>
			<key>proxyType</key>
			<string>1</string>
			<key>remoteGlobalIDString</key>
			<string>BE22E4AB1C8728F00069483F</string>
			<key>remoteInfo</key>
			<string>SwiftyNURE iOS</string>
		</dict>
		<key>BE22E4B81C8728F00069483F</key>
		<dict>
			<key>isa</key>
			<string>PBXTargetDependency</string>
			<key>target</key>
			<string>BE22E4AB1C8728F00069483F</string>
			<key>targetProxy</key>
			<string>BE22E4B71C8728F00069483F</string>
		</dict>
		<key>BE22E4BD1C8728F00069483F</key>
		<dict>
			<key>buildSettings</key>
			<dict>
				<key>APPLICATION_EXTENSION_API_ONLY</key>
				<string>YES</string>
				<key>CODE_SIGN_IDENTITY[sdk=iphoneos*]</key>
				<string></string>
				<key>DEFINES_MODULE</key>
				<string>YES</string>
				<key>DYLIB_COMPATIBILITY_VERSION</key>
				<string>1</string>
				<key>DYLIB_CURRENT_VERSION</key>
				<string>1</string>
				<key>DYLIB_INSTALL_NAME_BASE</key>
				<string>@rpath</string>
				<key>FRAMEWORK_SEARCH_PATHS</key>
				<array>
					<string>$(inherited)</string>
					<string>$(PROJECT_DIR)/Carthage/Build/iOS</string>
				</array>
				<key>INFOPLIST_FILE</key>
				<string>Sources/Info.plist</string>
				<key>INSTALL_PATH</key>
				<string>$(LOCAL_LIBRARY_DIR)/Frameworks</string>
				<key>IPHONEOS_DEPLOYMENT_TARGET</key>
				<string>8.0</string>
				<key>LD_RUNPATH_SEARCH_PATHS</key>
				<string>$(inherited) @executable_path/Frameworks @loader_path/Frameworks</string>
				<key>PRODUCT_BUNDLE_IDENTIFIER</key>
				<string>com.dreymonde.SwiftyNURE</string>
				<key>PRODUCT_NAME</key>
				<string>SwiftyNURE</string>
				<key>SDKROOT</key>
				<string>iphoneos</string>
				<key>SKIP_INSTALL</key>
				<string>YES</string>
				<key>TARGETED_DEVICE_FAMILY</key>
				<string>1,2</string>
			</dict>
			<key>isa</key>
			<string>XCBuildConfiguration</string>
			<key>name</key>
			<string>Debug</string>
		</dict>
		<key>BE22E4BE1C8728F00069483F</key>
		<dict>
			<key>buildSettings</key>
			<dict>
				<key>APPLICATION_EXTENSION_API_ONLY</key>
				<string>YES</string>
				<key>CODE_SIGN_IDENTITY[sdk=iphoneos*]</key>
				<string></string>
				<key>DEFINES_MODULE</key>
				<string>YES</string>
				<key>DYLIB_COMPATIBILITY_VERSION</key>
				<string>1</string>
				<key>DYLIB_CURRENT_VERSION</key>
				<string>1</string>
				<key>DYLIB_INSTALL_NAME_BASE</key>
				<string>@rpath</string>
				<key>FRAMEWORK_SEARCH_PATHS</key>
				<array>
					<string>$(inherited)</string>
					<string>$(PROJECT_DIR)/Carthage/Build/iOS</string>
				</array>
				<key>INFOPLIST_FILE</key>
				<string>Sources/Info.plist</string>
				<key>INSTALL_PATH</key>
				<string>$(LOCAL_LIBRARY_DIR)/Frameworks</string>
				<key>IPHONEOS_DEPLOYMENT_TARGET</key>
				<string>8.0</string>
				<key>LD_RUNPATH_SEARCH_PATHS</key>
				<string>$(inherited) @executable_path/Frameworks @loader_path/Frameworks</string>
				<key>PRODUCT_BUNDLE_IDENTIFIER</key>
				<string>com.dreymonde.SwiftyNURE</string>
				<key>PRODUCT_NAME</key>
				<string>SwiftyNURE</string>
				<key>SDKROOT</key>
				<string>iphoneos</string>
				<key>SKIP_INSTALL</key>
				<string>YES</string>
				<key>TARGETED_DEVICE_FAMILY</key>
				<string>1,2</string>
				<key>VALIDATE_PRODUCT</key>
				<string>YES</string>
			</dict>
			<key>isa</key>
			<string>XCBuildConfiguration</string>
			<key>name</key>
			<string>Release</string>
		</dict>
		<key>BE22E4BF1C8728F00069483F</key>
		<dict>
			<key>buildSettings</key>
			<dict>
				<key>CODE_SIGN_IDENTITY[sdk=iphoneos*]</key>
				<string>iPhone Developer</string>
				<key>FRAMEWORK_SEARCH_PATHS</key>
				<array>
					<string>$(inherited)</string>
					<string>$(PROJECT_DIR)/Carthage/Build/iOS</string>
				</array>
				<key>INFOPLIST_FILE</key>
				<string>Tests/Info.plist</string>
				<key>IPHONEOS_DEPLOYMENT_TARGET</key>
				<string>8.0</string>
				<key>LD_RUNPATH_SEARCH_PATHS</key>
				<string>$(inherited) @executable_path/Frameworks @loader_path/Frameworks</string>
				<key>PRODUCT_BUNDLE_IDENTIFIER</key>
				<string>com.dreymonde.SwiftyNURE-iOSTests</string>
				<key>PRODUCT_NAME</key>
				<string>$(TARGET_NAME)</string>
				<key>SDKROOT</key>
				<string>iphoneos</string>
			</dict>
			<key>isa</key>
			<string>XCBuildConfiguration</string>
			<key>name</key>
			<string>Debug</string>
		</dict>
		<key>BE22E4C01C8728F00069483F</key>
		<dict>
			<key>buildSettings</key>
			<dict>
				<key>CODE_SIGN_IDENTITY[sdk=iphoneos*]</key>
				<string>iPhone Developer</string>
				<key>FRAMEWORK_SEARCH_PATHS</key>
				<array>
					<string>$(inherited)</string>
					<string>$(PROJECT_DIR)/Carthage/Build/iOS</string>
				</array>
				<key>INFOPLIST_FILE</key>
				<string>Tests/Info.plist</string>
				<key>IPHONEOS_DEPLOYMENT_TARGET</key>
				<string>8.0</string>
				<key>LD_RUNPATH_SEARCH_PATHS</key>
				<string>$(inherited) @executable_path/Frameworks @loader_path/Frameworks</string>
				<key>PRODUCT_BUNDLE_IDENTIFIER</key>
				<string>com.dreymonde.SwiftyNURE-iOSTests</string>
				<key>PRODUCT_NAME</key>
				<string>$(TARGET_NAME)</string>
				<key>SDKROOT</key>
				<string>iphoneos</string>
				<key>VALIDATE_PRODUCT</key>
				<string>YES</string>
			</dict>
			<key>isa</key>
			<string>XCBuildConfiguration</string>
			<key>name</key>
			<string>Release</string>
		</dict>
		<key>BE22E4C11C8728F00069483F</key>
		<dict>
			<key>buildConfigurations</key>
			<array>
				<string>BE22E4BD1C8728F00069483F</string>
				<string>BE22E4BE1C8728F00069483F</string>
			</array>
			<key>defaultConfigurationIsVisible</key>
			<string>0</string>
			<key>defaultConfigurationName</key>
			<string>Release</string>
			<key>isa</key>
			<string>XCConfigurationList</string>
		</dict>
		<key>BE22E4C21C8728F00069483F</key>
		<dict>
			<key>buildConfigurations</key>
			<array>
				<string>BE22E4BF1C8728F00069483F</string>
				<string>BE22E4C01C8728F00069483F</string>
			</array>
			<key>defaultConfigurationIsVisible</key>
			<string>0</string>
			<key>defaultConfigurationName</key>
			<string>Release</string>
			<key>isa</key>
			<string>XCConfigurationList</string>
		</dict>
		<key>BE22E4C31C87292C0069483F</key>
		<dict>
			<key>buildActionMask</key>
			<string>2147483647</string>
			<key>dstPath</key>
			<string></string>
			<key>dstSubfolderSpec</key>
			<string>10</string>
			<key>files</key>
			<array>
				<string>BE41DB4B1C872C140062F561</string>
			</array>
			<key>isa</key>
			<string>PBXCopyFilesBuildPhase</string>
			<key>runOnlyForDeploymentPostprocessing</key>
			<string>0</string>
		</dict>
		<key>BE22E4C61C87298F0069483F</key>
		<dict>
			<key>fileRef</key>
			<string>BEAAE3E51C7B7BFA003C90BC</string>
			<key>isa</key>
			<string>PBXBuildFile</string>
			<key>settings</key>
			<dict>
				<key>ATTRIBUTES</key>
				<array>
					<string>Public</string>
				</array>
			</dict>
		</dict>
		<key>BE22E4C71C8729BB0069483F</key>
		<dict>
			<key>fileRef</key>
			<string>BEAAE3FD1C7B7C2D003C90BC</string>
			<key>isa</key>
			<string>PBXBuildFile</string>
		</dict>
		<key>BE22E4C81C8729BB0069483F</key>
		<dict>
			<key>fileRef</key>
			<string>BE3645431C85B3CD006C23AD</string>
			<key>isa</key>
			<string>PBXBuildFile</string>
		</dict>
		<key>BE22E4C91C8729BB0069483F</key>
		<dict>
			<key>fileRef</key>
			<string>BEAAE3FE1C7B7C2D003C90BC</string>
			<key>isa</key>
			<string>PBXBuildFile</string>
		</dict>
		<key>BE22E4CA1C8729BB0069483F</key>
		<dict>
			<key>fileRef</key>
			<string>BE080C2A1C8711340019966A</string>
			<key>isa</key>
			<string>PBXBuildFile</string>
		</dict>
		<key>BE22E4CB1C8729BE0069483F</key>
		<dict>
			<key>fileRef</key>
			<string>BEAAE3FF1C7B7C2D003C90BC</string>
			<key>isa</key>
			<string>PBXBuildFile</string>
		</dict>
		<key>BE22E4CC1C8729BE0069483F</key>
		<dict>
			<key>fileRef</key>
			<string>BEAAE4001C7B7C2D003C90BC</string>
			<key>isa</key>
			<string>PBXBuildFile</string>
		</dict>
		<key>BE22E4CD1C8729BE0069483F</key>
		<dict>
			<key>fileRef</key>
			<string>BEAAE4011C7B7C2D003C90BC</string>
			<key>isa</key>
			<string>PBXBuildFile</string>
		</dict>
		<key>BE22E4CE1C8729BE0069483F</key>
		<dict>
			<key>fileRef</key>
			<string>BEAAE4021C7B7C2D003C90BC</string>
			<key>isa</key>
			<string>PBXBuildFile</string>
		</dict>
		<key>BE22E4CF1C8729C10069483F</key>
		<dict>
			<key>fileRef</key>
			<string>BEAAE4031C7B7C2D003C90BC</string>
			<key>isa</key>
			<string>PBXBuildFile</string>
		</dict>
		<key>BE22E4D01C8729C10069483F</key>
		<dict>
			<key>fileRef</key>
			<string>BEAAE4041C7B7C2D003C90BC</string>
			<key>isa</key>
			<string>PBXBuildFile</string>
		</dict>
		<key>BE22E4D11C8729C10069483F</key>
		<dict>
			<key>fileRef</key>
			<string>BEAAE4051C7B7C2D003C90BC</string>
			<key>isa</key>
			<string>PBXBuildFile</string>
		</dict>
		<key>BE22E4D21C8729C10069483F</key>
		<dict>
			<key>fileRef</key>
			<string>BEAAE4061C7B7C2D003C90BC</string>
			<key>isa</key>
			<string>PBXBuildFile</string>
		</dict>
		<key>BE22E4D31C8729C10069483F</key>
		<dict>
			<key>fileRef</key>
			<string>BEAAE4071C7B7C2D003C90BC</string>
			<key>isa</key>
			<string>PBXBuildFile</string>
		</dict>
		<key>BE22E4D41C8729C10069483F</key>
		<dict>
			<key>fileRef</key>
			<string>BEAAE4081C7B7C2D003C90BC</string>
			<key>isa</key>
			<string>PBXBuildFile</string>
		</dict>
		<key>BE22E4D51C8729C50069483F</key>
		<dict>
			<key>fileRef</key>
			<string>BEAAE4091C7B7C2D003C90BC</string>
			<key>isa</key>
			<string>PBXBuildFile</string>
		</dict>
		<key>BE22E4D61C8729C50069483F</key>
		<dict>
			<key>fileRef</key>
			<string>BEAAE40A1C7B7C2D003C90BC</string>
			<key>isa</key>
			<string>PBXBuildFile</string>
		</dict>
		<key>BE22E4D71C8729C50069483F</key>
		<dict>
			<key>fileRef</key>
			<string>BEAAE40B1C7B7C2D003C90BC</string>
			<key>isa</key>
			<string>PBXBuildFile</string>
		</dict>
		<key>BE22E4D81C8729C50069483F</key>
		<dict>
			<key>fileRef</key>
			<string>BEAAE40C1C7B7C2D003C90BC</string>
			<key>isa</key>
			<string>PBXBuildFile</string>
		</dict>
		<key>BE22E4D91C8729C50069483F</key>
		<dict>
			<key>fileRef</key>
			<string>BEAAE40D1C7B7C2D003C90BC</string>
			<key>isa</key>
			<string>PBXBuildFile</string>
		</dict>
		<key>BE22E4DA1C8729C50069483F</key>
		<dict>
			<key>fileRef</key>
			<string>BEAAE40E1C7B7C2D003C90BC</string>
			<key>isa</key>
			<string>PBXBuildFile</string>
		</dict>
		<key>BE22E4DB1C8729C50069483F</key>
		<dict>
			<key>fileRef</key>
			<string>BEAAE40F1C7B7C2D003C90BC</string>
			<key>isa</key>
			<string>PBXBuildFile</string>
		</dict>
		<key>BE22E4DC1C8729C50069483F</key>
		<dict>
			<key>fileRef</key>
			<string>BE080C211C86FE280019966A</string>
			<key>isa</key>
			<string>PBXBuildFile</string>
		</dict>
		<key>BE22E4DD1C8729C50069483F</key>
		<dict>
			<key>fileRef</key>
			<string>BE080C231C87020B0019966A</string>
			<key>isa</key>
			<string>PBXBuildFile</string>
		</dict>
		<key>BE22E4DE1C8729C50069483F</key>
		<dict>
			<key>fileRef</key>
			<string>BEAAE4161C7B7C2D003C90BC</string>
			<key>isa</key>
			<string>PBXBuildFile</string>
		</dict>
		<key>BE22E4DF1C8729CD0069483F</key>
		<dict>
			<key>fileRef</key>
			<string>BEAAE4321C7B7C3C003C90BC</string>
			<key>isa</key>
			<string>PBXBuildFile</string>
		</dict>
		<key>BE22E4E01C8729CD0069483F</key>
		<dict>
			<key>fileRef</key>
			<string>BEAAE4331C7B7C3C003C90BC</string>
			<key>isa</key>
			<string>PBXBuildFile</string>
		</dict>
		<key>BE22E4E11C8729CD0069483F</key>
		<dict>
			<key>fileRef</key>
			<string>BEAAE4341C7B7C3C003C90BC</string>
			<key>isa</key>
			<string>PBXBuildFile</string>
		</dict>
		<key>BE22E4E21C8729CD0069483F</key>
		<dict>
			<key>fileRef</key>
			<string>BEAAE4351C7B7C3C003C90BC</string>
			<key>isa</key>
			<string>PBXBuildFile</string>
		</dict>
		<key>BE22E4E31C8729CD0069483F</key>
		<dict>
			<key>fileRef</key>
			<string>BEAAE4361C7B7C3C003C90BC</string>
			<key>isa</key>
			<string>PBXBuildFile</string>
		</dict>
		<key>BE22E4E41C8729CD0069483F</key>
		<dict>
			<key>fileRef</key>
			<string>BEAAE4371C7B7C3C003C90BC</string>
			<key>isa</key>
			<string>PBXBuildFile</string>
		</dict>
		<key>BE3645431C85B3CD006C23AD</key>
		<dict>
			<key>fileEncoding</key>
			<string>4</string>
			<key>isa</key>
			<string>PBXFileReference</string>
			<key>lastKnownFileType</key>
			<string>sourcecode.swift</string>
			<key>path</key>
			<string>JSONProtocols.swift</string>
			<key>sourceTree</key>
			<string>&lt;group&gt;</string>
		</dict>
		<key>BE3645441C85B3CD006C23AD</key>
		<dict>
			<key>fileRef</key>
			<string>BE3645431C85B3CD006C23AD</string>
			<key>isa</key>
			<string>PBXBuildFile</string>
		</dict>
		<key>BE41DB481C872C060062F561</key>
		<dict>
			<key>isa</key>
			<string>PBXFileReference</string>
			<key>lastKnownFileType</key>
			<string>wrapper.framework</string>
			<key>name</key>
			<string>EezehRequests.framework</string>
			<key>path</key>
			<string>Carthage/Build/iOS/EezehRequests.framework</string>
			<key>sourceTree</key>
			<string>&lt;group&gt;</string>
		</dict>
		<key>BE41DB491C872C060062F561</key>
		<dict>
			<key>fileRef</key>
			<string>BE41DB481C872C060062F561</string>
			<key>isa</key>
			<string>PBXBuildFile</string>
		</dict>
		<key>BE41DB4A1C872C060062F561</key>
		<dict>
			<key>fileRef</key>
			<string>BE41DB481C872C060062F561</string>
			<key>isa</key>
			<string>PBXBuildFile</string>
		</dict>
		<key>BE41DB4B1C872C140062F561</key>
		<dict>
			<key>fileRef</key>
			<string>BE41DB481C872C060062F561</string>
			<key>isa</key>
			<string>PBXBuildFile</string>
			<key>settings</key>
			<dict>
				<key>ATTRIBUTES</key>
				<array>
					<string>CodeSignOnCopy</string>
					<string>RemoveHeadersOnCopy</string>
				</array>
			</dict>
		</dict>
		<key>BE41DB4D1C872E1A0062F561</key>
		<dict>
			<key>buildActionMask</key>
			<string>2147483647</string>
			<key>dstPath</key>
			<string></string>
			<key>dstSubfolderSpec</key>
			<string>10</string>
			<key>files</key>
			<array>
				<string>BE41DB4E1C872E220062F561</string>
			</array>
			<key>isa</key>
			<string>PBXCopyFilesBuildPhase</string>
			<key>runOnlyForDeploymentPostprocessing</key>
			<string>0</string>
		</dict>
		<key>BE41DB4E1C872E220062F561</key>
		<dict>
			<key>fileRef</key>
			<string>BE41DB481C872C060062F561</string>
			<key>isa</key>
			<string>PBXBuildFile</string>
			<key>settings</key>
			<dict>
				<key>ATTRIBUTES</key>
				<array>
					<string>CodeSignOnCopy</string>
					<string>RemoveHeadersOnCopy</string>
				</array>
			</dict>
		</dict>
		<key>BEAAE3D81C7B7BFA003C90BC</key>
		<dict>
			<key>children</key>
			<array>
				<string>BE04823D1C8740ED005589E5</string>
				<string>BE080C161C86F0D00019966A</string>
				<string>BE04822B1C87401F005589E5</string>
				<string>BE41DB481C872C060062F561</string>
				<string>BEAAE3E41C7B7BFA003C90BC</string>
				<string>BEAAE3F01C7B7BFA003C90BC</string>
				<string>BEAAE3E31C7B7BFA003C90BC</string>
			</array>
			<key>isa</key>
			<string>PBXGroup</string>
			<key>sourceTree</key>
			<string>&lt;group&gt;</string>
		</dict>
		<key>BEAAE3D91C7B7BFA003C90BC</key>
		<dict>
			<key>attributes</key>
			<dict>
				<key>LastSwiftUpdateCheck</key>
				<string>0720</string>
				<key>LastUpgradeCheck</key>
				<string>0720</string>
				<key>ORGANIZATIONNAME</key>
				<string>Oleg Dreyman</string>
				<key>TargetAttributes</key>
				<dict>
					<key>BE0482091C873FD2005589E5</key>
					<dict>
						<key>CreatedOnToolsVersion</key>
						<string>7.2.1</string>
						<key>DevelopmentTeam</key>
						<string>WK35K3FV5Z</string>
					</dict>
					<key>BE0482341C8740A3005589E5</key>
					<dict>
						<key>CreatedOnToolsVersion</key>
						<string>7.2.1</string>
						<key>DevelopmentTeam</key>
						<string>WK35K3FV5Z</string>
					</dict>
					<key>BE22E4AB1C8728F00069483F</key>
					<dict>
						<key>CreatedOnToolsVersion</key>
						<string>7.2.1</string>
						<key>DevelopmentTeam</key>
						<string>WK35K3FV5Z</string>
					</dict>
					<key>BE22E4B41C8728F00069483F</key>
					<dict>
						<key>CreatedOnToolsVersion</key>
						<string>7.2.1</string>
						<key>DevelopmentTeam</key>
						<string>WK35K3FV5Z</string>
					</dict>
					<key>BEAAE3E11C7B7BFA003C90BC</key>
					<dict>
						<key>CreatedOnToolsVersion</key>
						<string>7.2.1</string>
					</dict>
					<key>BEAAE3EB1C7B7BFA003C90BC</key>
					<dict>
						<key>CreatedOnToolsVersion</key>
						<string>7.2.1</string>
					</dict>
				</dict>
			</dict>
			<key>buildConfigurationList</key>
			<string>BEAAE3DC1C7B7BFA003C90BC</string>
			<key>compatibilityVersion</key>
			<string>Xcode 3.2</string>
			<key>developmentRegion</key>
			<string>English</string>
			<key>hasScannedForEncodings</key>
			<string>0</string>
			<key>isa</key>
			<string>PBXProject</string>
			<key>knownRegions</key>
			<array>
				<string>en</string>
			</array>
			<key>mainGroup</key>
			<string>BEAAE3D81C7B7BFA003C90BC</string>
			<key>productRefGroup</key>
			<string>BEAAE3E31C7B7BFA003C90BC</string>
			<key>projectDirPath</key>
			<string></string>
			<key>projectReferences</key>
			<array/>
			<key>projectRoot</key>
			<string></string>
			<key>targets</key>
			<array>
				<string>BEAAE3E11C7B7BFA003C90BC</string>
				<string>BEAAE3EB1C7B7BFA003C90BC</string>
				<string>BE22E4AB1C8728F00069483F</string>
				<string>BE22E4B41C8728F00069483F</string>
				<string>BE0482091C873FD2005589E5</string>
				<string>BE0482341C8740A3005589E5</string>
			</array>
		</dict>
		<key>BEAAE3DC1C7B7BFA003C90BC</key>
		<dict>
			<key>buildConfigurations</key>
			<array>
				<string>BEAAE3F41C7B7BFA003C90BC</string>
				<string>BEAAE3F51C7B7BFA003C90BC</string>
			</array>
			<key>defaultConfigurationIsVisible</key>
			<string>0</string>
			<key>defaultConfigurationName</key>
			<string>Release</string>
			<key>isa</key>
			<string>XCConfigurationList</string>
		</dict>
		<key>BEAAE3DD1C7B7BFA003C90BC</key>
		<dict>
			<key>buildActionMask</key>
			<string>2147483647</string>
			<key>files</key>
			<array>
				<string>BEAAE41E1C7B7C2D003C90BC</string>
				<string>BEAAE4311C7B7C2D003C90BC</string>
				<string>BEAAE41A1C7B7C2D003C90BC</string>
				<string>BE080C221C86FE280019966A</string>
				<string>BEAAE41F1C7B7C2D003C90BC</string>
				<string>BE080C271C87058F0019966A</string>
				<string>BEAAE4221C7B7C2D003C90BC</string>
				<string>BEAAE4191C7B7C2D003C90BC</string>
				<string>BE080C251C8705880019966A</string>
				<string>BEAAE4281C7B7C2D003C90BC</string>
				<string>BEAAE4241C7B7C2D003C90BC</string>
				<string>BE3645441C85B3CD006C23AD</string>
				<string>BEAAE4271C7B7C2D003C90BC</string>
				<string>BEAAE4291C7B7C2D003C90BC</string>
				<string>BEAAE4201C7B7C2D003C90BC</string>
				<string>BEAAE4231C7B7C2D003C90BC</string>
				<string>BEAAE4261C7B7C2D003C90BC</string>
				<string>BE080C261C87058B0019966A</string>
				<string>BEAAE4251C7B7C2D003C90BC</string>
				<string>BE080C2B1C8711340019966A</string>
				<string>BE080C1B1C86FDED0019966A</string>
				<string>BEAAE4181C7B7C2D003C90BC</string>
				<string>BEAAE42A1C7B7C2D003C90BC</string>
				<string>BEAAE4211C7B7C2D003C90BC</string>
			</array>
			<key>isa</key>
			<string>PBXSourcesBuildPhase</string>
			<key>runOnlyForDeploymentPostprocessing</key>
			<string>0</string>
		</dict>
		<key>BEAAE3DE1C7B7BFA003C90BC</key>
		<dict>
			<key>buildActionMask</key>
			<string>2147483647</string>
			<key>files</key>
			<array>
				<string>BE080C171C86F0D00019966A</string>
			</array>
			<key>isa</key>
			<string>PBXFrameworksBuildPhase</string>
			<key>runOnlyForDeploymentPostprocessing</key>
			<string>0</string>
		</dict>
		<key>BEAAE3DF1C7B7BFA003C90BC</key>
		<dict>
			<key>buildActionMask</key>
			<string>2147483647</string>
			<key>files</key>
			<array>
				<string>BEAAE3E61C7B7BFA003C90BC</string>
			</array>
			<key>isa</key>
			<string>PBXHeadersBuildPhase</string>
			<key>runOnlyForDeploymentPostprocessing</key>
			<string>0</string>
		</dict>
		<key>BEAAE3E01C7B7BFA003C90BC</key>
		<dict>
			<key>buildActionMask</key>
			<string>2147483647</string>
			<key>files</key>
			<array/>
			<key>isa</key>
			<string>PBXResourcesBuildPhase</string>
			<key>runOnlyForDeploymentPostprocessing</key>
			<string>0</string>
		</dict>
		<key>BEAAE3E11C7B7BFA003C90BC</key>
		<dict>
			<key>buildConfigurationList</key>
			<string>BEAAE3F61C7B7BFA003C90BC</string>
			<key>buildPhases</key>
			<array>
				<string>BEAAE3DD1C7B7BFA003C90BC</string>
				<string>BEAAE3DE1C7B7BFA003C90BC</string>
				<string>BEAAE3DF1C7B7BFA003C90BC</string>
				<string>BEAAE3E01C7B7BFA003C90BC</string>
				<string>BEAAE4711C7B9954003C90BC</string>
			</array>
			<key>buildRules</key>
			<array/>
			<key>dependencies</key>
			<array/>
			<key>isa</key>
			<string>PBXNativeTarget</string>
			<key>name</key>
			<string>SwiftyNURE OSX</string>
			<key>productName</key>
			<string>SwiftyNURE</string>
			<key>productReference</key>
			<string>BEAAE3E21C7B7BFA003C90BC</string>
			<key>productType</key>
			<string>com.apple.product-type.framework</string>
		</dict>
		<key>BEAAE3E21C7B7BFA003C90BC</key>
		<dict>
			<key>explicitFileType</key>
			<string>wrapper.framework</string>
			<key>includeInIndex</key>
			<string>0</string>
			<key>isa</key>
			<string>PBXFileReference</string>
			<key>path</key>
			<string>SwiftyNURE.framework</string>
			<key>sourceTree</key>
			<string>BUILT_PRODUCTS_DIR</string>
		</dict>
		<key>BEAAE3E31C7B7BFA003C90BC</key>
		<dict>
			<key>children</key>
			<array>
				<string>BEAAE3E21C7B7BFA003C90BC</string>
				<string>BEAAE3EC1C7B7BFA003C90BC</string>
				<string>BE22E4AC1C8728F00069483F</string>
				<string>BE22E4B51C8728F00069483F</string>
				<string>BE04820A1C873FD2005589E5</string>
				<string>BE0482351C8740A3005589E5</string>
			</array>
			<key>isa</key>
			<string>PBXGroup</string>
			<key>name</key>
			<string>Products</string>
			<key>sourceTree</key>
			<string>&lt;group&gt;</string>
		</dict>
		<key>BEAAE3E41C7B7BFA003C90BC</key>
		<dict>
			<key>children</key>
			<array>
				<string>BEF2D7D91CA53BCC00172582</string>
				<string>BEAAE3E51C7B7BFA003C90BC</string>
				<string>BEAAE3E71C7B7BFA003C90BC</string>
			</array>
			<key>isa</key>
			<string>PBXGroup</string>
			<key>path</key>
			<string>Sources</string>
			<key>sourceTree</key>
			<string>&lt;group&gt;</string>
		</dict>
		<key>BEAAE3E51C7B7BFA003C90BC</key>
		<dict>
			<key>isa</key>
			<string>PBXFileReference</string>
			<key>lastKnownFileType</key>
			<string>sourcecode.c.h</string>
			<key>path</key>
			<string>SwiftyNURE.h</string>
			<key>sourceTree</key>
			<string>&lt;group&gt;</string>
		</dict>
		<key>BEAAE3E61C7B7BFA003C90BC</key>
		<dict>
			<key>fileRef</key>
			<string>BEAAE3E51C7B7BFA003C90BC</string>
			<key>isa</key>
			<string>PBXBuildFile</string>
			<key>settings</key>
			<dict>
				<key>ATTRIBUTES</key>
				<array>
					<string>Public</string>
				</array>
			</dict>
		</dict>
		<key>BEAAE3E71C7B7BFA003C90BC</key>
		<dict>
			<key>isa</key>
			<string>PBXFileReference</string>
			<key>lastKnownFileType</key>
			<string>text.plist.xml</string>
			<key>path</key>
			<string>Info.plist</string>
			<key>sourceTree</key>
			<string>&lt;group&gt;</string>
		</dict>
		<key>BEAAE3E81C7B7BFA003C90BC</key>
		<dict>
			<key>buildActionMask</key>
			<string>2147483647</string>
			<key>files</key>
			<array>
				<string>BEAAE4391C7B7C3C003C90BC</string>
				<string>BEAAE43B1C7B7C3C003C90BC</string>
				<string>BE080C1E1C86FDF60019966A</string>
				<string>BE080C281C8707610019966A</string>
				<string>BE22E4A61C871D8F0069483F</string>
				<string>BEAAE4381C7B7C3C003C90BC</string>
			</array>
			<key>isa</key>
			<string>PBXSourcesBuildPhase</string>
			<key>runOnlyForDeploymentPostprocessing</key>
			<string>0</string>
		</dict>
		<key>BEAAE3E91C7B7BFA003C90BC</key>
		<dict>
			<key>buildActionMask</key>
			<string>2147483647</string>
			<key>files</key>
			<array>
				<string>BEAAE3ED1C7B7BFA003C90BC</string>
				<string>BE080C191C86FD0A0019966A</string>
			</array>
			<key>isa</key>
			<string>PBXFrameworksBuildPhase</string>
			<key>runOnlyForDeploymentPostprocessing</key>
			<string>0</string>
		</dict>
		<key>BEAAE3EA1C7B7BFA003C90BC</key>
		<dict>
			<key>buildActionMask</key>
			<string>2147483647</string>
			<key>files</key>
			<array/>
			<key>isa</key>
			<string>PBXResourcesBuildPhase</string>
			<key>runOnlyForDeploymentPostprocessing</key>
			<string>0</string>
		</dict>
		<key>BEAAE3EB1C7B7BFA003C90BC</key>
		<dict>
			<key>buildConfigurationList</key>
			<string>BEAAE3F91C7B7BFA003C90BC</string>
			<key>buildPhases</key>
			<array>
				<string>BEAAE3E81C7B7BFA003C90BC</string>
				<string>BEAAE3E91C7B7BFA003C90BC</string>
				<string>BEAAE3EA1C7B7BFA003C90BC</string>
				<string>BEAAE4761C7B99DE003C90BC</string>
			</array>
			<key>buildRules</key>
			<array/>
			<key>dependencies</key>
			<array>
				<string>BEAAE3EF1C7B7BFA003C90BC</string>
			</array>
			<key>isa</key>
			<string>PBXNativeTarget</string>
			<key>name</key>
			<string>SwiftyNURE OSX Tests</string>
			<key>productName</key>
			<string>SwiftyNURETests</string>
			<key>productReference</key>
			<string>BEAAE3EC1C7B7BFA003C90BC</string>
			<key>productType</key>
			<string>com.apple.product-type.bundle.unit-test</string>
		</dict>
		<key>BEAAE3EC1C7B7BFA003C90BC</key>
		<dict>
			<key>explicitFileType</key>
			<string>wrapper.cfbundle</string>
			<key>includeInIndex</key>
			<string>0</string>
			<key>isa</key>
			<string>PBXFileReference</string>
			<key>path</key>
			<string>SwiftyNURE OSX Tests.xctest</string>
			<key>sourceTree</key>
			<string>BUILT_PRODUCTS_DIR</string>
		</dict>
		<key>BEAAE3ED1C7B7BFA003C90BC</key>
		<dict>
			<key>fileRef</key>
			<string>BEAAE3E21C7B7BFA003C90BC</string>
			<key>isa</key>
			<string>PBXBuildFile</string>
		</dict>
		<key>BEAAE3EE1C7B7BFA003C90BC</key>
		<dict>
			<key>containerPortal</key>
			<string>BEAAE3D91C7B7BFA003C90BC</string>
			<key>isa</key>
			<string>PBXContainerItemProxy</string>
			<key>proxyType</key>
			<string>1</string>
			<key>remoteGlobalIDString</key>
			<string>BEAAE3E11C7B7BFA003C90BC</string>
			<key>remoteInfo</key>
			<string>SwiftyNURE</string>
		</dict>
		<key>BEAAE3EF1C7B7BFA003C90BC</key>
		<dict>
			<key>isa</key>
			<string>PBXTargetDependency</string>
			<key>target</key>
			<string>BEAAE3E11C7B7BFA003C90BC</string>
			<key>targetProxy</key>
			<string>BEAAE3EE1C7B7BFA003C90BC</string>
		</dict>
		<key>BEAAE3F01C7B7BFA003C90BC</key>
		<dict>
			<key>children</key>
			<array>
				<string>BEAAE4321C7B7C3C003C90BC</string>
				<string>BEAAE4331C7B7C3C003C90BC</string>
				<string>BEAAE4341C7B7C3C003C90BC</string>
				<string>BEAAE4351C7B7C3C003C90BC</string>
				<string>BEAAE4361C7B7C3C003C90BC</string>
				<string>BEAAE4371C7B7C3C003C90BC</string>
				<string>BEAAE3F31C7B7BFA003C90BC</string>
			</array>
			<key>isa</key>
			<string>PBXGroup</string>
			<key>name</key>
			<string>Tests</string>
			<key>path</key>
			<string>Tests</string>
			<key>sourceTree</key>
			<string>&lt;group&gt;</string>
		</dict>
		<key>BEAAE3F31C7B7BFA003C90BC</key>
		<dict>
			<key>isa</key>
			<string>PBXFileReference</string>
			<key>lastKnownFileType</key>
			<string>text.plist.xml</string>
			<key>path</key>
			<string>Info.plist</string>
			<key>sourceTree</key>
			<string>&lt;group&gt;</string>
		</dict>
		<key>BEAAE3F41C7B7BFA003C90BC</key>
		<dict>
			<key>buildSettings</key>
			<dict>
				<key>ALWAYS_SEARCH_USER_PATHS</key>
				<string>NO</string>
				<key>CLANG_CXX_LANGUAGE_STANDARD</key>
				<string>gnu++0x</string>
				<key>CLANG_CXX_LIBRARY</key>
				<string>libc++</string>
				<key>CLANG_ENABLE_MODULES</key>
				<string>YES</string>
				<key>CLANG_ENABLE_OBJC_ARC</key>
				<string>YES</string>
				<key>CLANG_WARN_BOOL_CONVERSION</key>
				<string>YES</string>
				<key>CLANG_WARN_CONSTANT_CONVERSION</key>
				<string>YES</string>
				<key>CLANG_WARN_DIRECT_OBJC_ISA_USAGE</key>
				<string>YES_ERROR</string>
				<key>CLANG_WARN_EMPTY_BODY</key>
				<string>YES</string>
				<key>CLANG_WARN_ENUM_CONVERSION</key>
				<string>YES</string>
				<key>CLANG_WARN_INT_CONVERSION</key>
				<string>YES</string>
				<key>CLANG_WARN_OBJC_ROOT_CLASS</key>
				<string>YES_ERROR</string>
				<key>CLANG_WARN_UNREACHABLE_CODE</key>
				<string>YES</string>
				<key>CLANG_WARN__DUPLICATE_METHOD_MATCH</key>
				<string>YES</string>
				<key>CODE_SIGN_IDENTITY</key>
				<string></string>
				<key>COPY_PHASE_STRIP</key>
				<string>NO</string>
				<key>CURRENT_PROJECT_VERSION</key>
				<string>1</string>
				<key>DEBUG_INFORMATION_FORMAT</key>
				<string>dwarf</string>
				<key>ENABLE_STRICT_OBJC_MSGSEND</key>
				<string>YES</string>
				<key>ENABLE_TESTABILITY</key>
				<string>YES</string>
				<key>GCC_C_LANGUAGE_STANDARD</key>
				<string>gnu99</string>
				<key>GCC_DYNAMIC_NO_PIC</key>
				<string>NO</string>
				<key>GCC_NO_COMMON_BLOCKS</key>
				<string>YES</string>
				<key>GCC_OPTIMIZATION_LEVEL</key>
				<string>0</string>
				<key>GCC_PREPROCESSOR_DEFINITIONS</key>
				<array>
					<string>DEBUG=1</string>
					<string>$(inherited)</string>
				</array>
				<key>GCC_WARN_64_TO_32_BIT_CONVERSION</key>
				<string>YES</string>
				<key>GCC_WARN_ABOUT_RETURN_TYPE</key>
				<string>YES_ERROR</string>
				<key>GCC_WARN_UNDECLARED_SELECTOR</key>
				<string>YES</string>
				<key>GCC_WARN_UNINITIALIZED_AUTOS</key>
				<string>YES_AGGRESSIVE</string>
				<key>GCC_WARN_UNUSED_FUNCTION</key>
				<string>YES</string>
				<key>GCC_WARN_UNUSED_VARIABLE</key>
				<string>YES</string>
				<key>MACOSX_DEPLOYMENT_TARGET</key>
				<string>10.11</string>
				<key>MTL_ENABLE_DEBUG_INFO</key>
				<string>YES</string>
				<key>ONLY_ACTIVE_ARCH</key>
				<string>YES</string>
				<key>SDKROOT</key>
				<string>macosx</string>
				<key>SWIFT_OPTIMIZATION_LEVEL</key>
				<string>-Onone</string>
				<key>VERSIONING_SYSTEM</key>
				<string>apple-generic</string>
				<key>VERSION_INFO_PREFIX</key>
				<string></string>
			</dict>
			<key>isa</key>
			<string>XCBuildConfiguration</string>
			<key>name</key>
			<string>Debug</string>
		</dict>
		<key>BEAAE3F51C7B7BFA003C90BC</key>
		<dict>
			<key>buildSettings</key>
			<dict>
				<key>ALWAYS_SEARCH_USER_PATHS</key>
				<string>NO</string>
				<key>CLANG_CXX_LANGUAGE_STANDARD</key>
				<string>gnu++0x</string>
				<key>CLANG_CXX_LIBRARY</key>
				<string>libc++</string>
				<key>CLANG_ENABLE_MODULES</key>
				<string>YES</string>
				<key>CLANG_ENABLE_OBJC_ARC</key>
				<string>YES</string>
				<key>CLANG_WARN_BOOL_CONVERSION</key>
				<string>YES</string>
				<key>CLANG_WARN_CONSTANT_CONVERSION</key>
				<string>YES</string>
				<key>CLANG_WARN_DIRECT_OBJC_ISA_USAGE</key>
				<string>YES_ERROR</string>
				<key>CLANG_WARN_EMPTY_BODY</key>
				<string>YES</string>
				<key>CLANG_WARN_ENUM_CONVERSION</key>
				<string>YES</string>
				<key>CLANG_WARN_INT_CONVERSION</key>
				<string>YES</string>
				<key>CLANG_WARN_OBJC_ROOT_CLASS</key>
				<string>YES_ERROR</string>
				<key>CLANG_WARN_UNREACHABLE_CODE</key>
				<string>YES</string>
				<key>CLANG_WARN__DUPLICATE_METHOD_MATCH</key>
				<string>YES</string>
				<key>CODE_SIGN_IDENTITY</key>
				<string></string>
				<key>COPY_PHASE_STRIP</key>
				<string>NO</string>
				<key>CURRENT_PROJECT_VERSION</key>
				<string>1</string>
				<key>DEBUG_INFORMATION_FORMAT</key>
				<string>dwarf-with-dsym</string>
				<key>ENABLE_NS_ASSERTIONS</key>
				<string>NO</string>
				<key>ENABLE_STRICT_OBJC_MSGSEND</key>
				<string>YES</string>
				<key>GCC_C_LANGUAGE_STANDARD</key>
				<string>gnu99</string>
				<key>GCC_NO_COMMON_BLOCKS</key>
				<string>YES</string>
				<key>GCC_WARN_64_TO_32_BIT_CONVERSION</key>
				<string>YES</string>
				<key>GCC_WARN_ABOUT_RETURN_TYPE</key>
				<string>YES_ERROR</string>
				<key>GCC_WARN_UNDECLARED_SELECTOR</key>
				<string>YES</string>
				<key>GCC_WARN_UNINITIALIZED_AUTOS</key>
				<string>YES_AGGRESSIVE</string>
				<key>GCC_WARN_UNUSED_FUNCTION</key>
				<string>YES</string>
				<key>GCC_WARN_UNUSED_VARIABLE</key>
				<string>YES</string>
				<key>MACOSX_DEPLOYMENT_TARGET</key>
				<string>10.11</string>
				<key>MTL_ENABLE_DEBUG_INFO</key>
				<string>NO</string>
				<key>SDKROOT</key>
				<string>macosx</string>
				<key>VERSIONING_SYSTEM</key>
				<string>apple-generic</string>
				<key>VERSION_INFO_PREFIX</key>
				<string></string>
			</dict>
			<key>isa</key>
			<string>XCBuildConfiguration</string>
			<key>name</key>
			<string>Release</string>
		</dict>
		<key>BEAAE3F61C7B7BFA003C90BC</key>
		<dict>
			<key>buildConfigurations</key>
			<array>
				<string>BEAAE3F71C7B7BFA003C90BC</string>
				<string>BEAAE3F81C7B7BFA003C90BC</string>
			</array>
			<key>defaultConfigurationIsVisible</key>
			<string>0</string>
			<key>defaultConfigurationName</key>
			<string>Release</string>
			<key>isa</key>
			<string>XCConfigurationList</string>
		</dict>
		<key>BEAAE3F71C7B7BFA003C90BC</key>
		<dict>
			<key>buildSettings</key>
			<dict>
				<key>APPLICATION_EXTENSION_API_ONLY</key>
				<string>YES</string>
				<key>CLANG_ENABLE_MODULES</key>
				<string>YES</string>
				<key>CODE_SIGN_IDENTITY</key>
				<string></string>
				<key>COMBINE_HIDPI_IMAGES</key>
				<string>YES</string>
				<key>DEFINES_MODULE</key>
				<string>YES</string>
				<key>DYLIB_COMPATIBILITY_VERSION</key>
				<string>1</string>
				<key>DYLIB_CURRENT_VERSION</key>
				<string>1</string>
				<key>DYLIB_INSTALL_NAME_BASE</key>
				<string>@rpath</string>
				<key>FRAMEWORK_SEARCH_PATHS</key>
				<array>
					<string>$(inherited)</string>
					<string>$(PROJECT_DIR)/Carthage/Build/Mac</string>
				</array>
				<key>FRAMEWORK_VERSION</key>
				<string>A</string>
				<key>INFOPLIST_FILE</key>
				<string>Sources/Info.plist</string>
				<key>INSTALL_PATH</key>
				<string>$(LOCAL_LIBRARY_DIR)/Frameworks</string>
				<key>LD_RUNPATH_SEARCH_PATHS</key>
				<string>$(inherited) @executable_path/../Frameworks @loader_path/Frameworks</string>
				<key>MACOSX_DEPLOYMENT_TARGET</key>
				<string>10.11</string>
				<key>PRODUCT_BUNDLE_IDENTIFIER</key>
				<string>com.dreymonde.SwiftyNURE</string>
				<key>PRODUCT_NAME</key>
				<string>SwiftyNURE</string>
				<key>SKIP_INSTALL</key>
				<string>YES</string>
				<key>SWIFT_OPTIMIZATION_LEVEL</key>
				<string>-Owholemodule</string>
			</dict>
			<key>isa</key>
			<string>XCBuildConfiguration</string>
			<key>name</key>
			<string>Debug</string>
		</dict>
		<key>BEAAE3F81C7B7BFA003C90BC</key>
		<dict>
			<key>buildSettings</key>
			<dict>
				<key>APPLICATION_EXTENSION_API_ONLY</key>
				<string>YES</string>
				<key>CLANG_ENABLE_MODULES</key>
				<string>YES</string>
				<key>CODE_SIGN_IDENTITY</key>
				<string></string>
				<key>COMBINE_HIDPI_IMAGES</key>
				<string>YES</string>
				<key>DEFINES_MODULE</key>
				<string>YES</string>
				<key>DYLIB_COMPATIBILITY_VERSION</key>
				<string>1</string>
				<key>DYLIB_CURRENT_VERSION</key>
				<string>1</string>
				<key>DYLIB_INSTALL_NAME_BASE</key>
				<string>@rpath</string>
				<key>FRAMEWORK_SEARCH_PATHS</key>
				<array>
					<string>$(inherited)</string>
					<string>$(PROJECT_DIR)/Carthage/Build/Mac</string>
				</array>
				<key>FRAMEWORK_VERSION</key>
				<string>A</string>
				<key>INFOPLIST_FILE</key>
				<string>Sources/Info.plist</string>
				<key>INSTALL_PATH</key>
				<string>$(LOCAL_LIBRARY_DIR)/Frameworks</string>
				<key>LD_RUNPATH_SEARCH_PATHS</key>
				<string>$(inherited) @executable_path/../Frameworks @loader_path/Frameworks</string>
				<key>MACOSX_DEPLOYMENT_TARGET</key>
				<string>10.11</string>
				<key>PRODUCT_BUNDLE_IDENTIFIER</key>
				<string>com.dreymonde.SwiftyNURE</string>
				<key>PRODUCT_NAME</key>
				<string>SwiftyNURE</string>
				<key>SKIP_INSTALL</key>
				<string>YES</string>
				<key>SWIFT_OPTIMIZATION_LEVEL</key>
				<string>-Owholemodule</string>
			</dict>
			<key>isa</key>
			<string>XCBuildConfiguration</string>
			<key>name</key>
			<string>Release</string>
		</dict>
		<key>BEAAE3F91C7B7BFA003C90BC</key>
		<dict>
			<key>buildConfigurations</key>
			<array>
				<string>BEAAE3FA1C7B7BFA003C90BC</string>
				<string>BEAAE3FB1C7B7BFA003C90BC</string>
			</array>
			<key>defaultConfigurationIsVisible</key>
			<string>0</string>
			<key>defaultConfigurationName</key>
			<string>Release</string>
			<key>isa</key>
			<string>XCConfigurationList</string>
		</dict>
		<key>BEAAE3FA1C7B7BFA003C90BC</key>
		<dict>
			<key>buildSettings</key>
			<dict>
				<key>CODE_SIGN_IDENTITY</key>
				<string></string>
				<key>COMBINE_HIDPI_IMAGES</key>
				<string>YES</string>
				<key>FRAMEWORK_SEARCH_PATHS</key>
				<array>
					<string>$(inherited)</string>
					<string>$(PROJECT_DIR)/Carthage/Build/Mac</string>
				</array>
				<key>INFOPLIST_FILE</key>
				<string>Tests/Info.plist</string>
				<key>LD_RUNPATH_SEARCH_PATHS</key>
				<string>$(inherited) @executable_path/../Frameworks @loader_path/../Frameworks</string>
				<key>PRODUCT_BUNDLE_IDENTIFIER</key>
				<string>com.dreymonde.SwiftyNURETests</string>
				<key>PRODUCT_NAME</key>
				<string>$(TARGET_NAME)</string>
			</dict>
			<key>isa</key>
			<string>XCBuildConfiguration</string>
			<key>name</key>
			<string>Debug</string>
		</dict>
		<key>BEAAE3FB1C7B7BFA003C90BC</key>
		<dict>
			<key>buildSettings</key>
			<dict>
				<key>CODE_SIGN_IDENTITY</key>
				<string></string>
				<key>COMBINE_HIDPI_IMAGES</key>
				<string>YES</string>
				<key>FRAMEWORK_SEARCH_PATHS</key>
				<array>
					<string>$(inherited)</string>
					<string>$(PROJECT_DIR)/Carthage/Build/Mac</string>
				</array>
				<key>INFOPLIST_FILE</key>
				<string>Tests/Info.plist</string>
				<key>LD_RUNPATH_SEARCH_PATHS</key>
				<string>$(inherited) @executable_path/../Frameworks @loader_path/../Frameworks</string>
				<key>PRODUCT_BUNDLE_IDENTIFIER</key>
				<string>com.dreymonde.SwiftyNURETests</string>
				<key>PRODUCT_NAME</key>
				<string>$(TARGET_NAME)</string>
			</dict>
			<key>isa</key>
			<string>XCBuildConfiguration</string>
			<key>name</key>
			<string>Release</string>
		</dict>
		<key>BEAAE3FD1C7B7C2D003C90BC</key>
		<dict>
			<key>fileEncoding</key>
			<string>4</string>
			<key>isa</key>
			<string>PBXFileReference</string>
			<key>lastKnownFileType</key>
			<string>sourcecode.swift</string>
			<key>path</key>
			<string>DataProtocols.swift</string>
			<key>sourceTree</key>
			<string>&lt;group&gt;</string>
		</dict>
		<key>BEAAE3FE1C7B7C2D003C90BC</key>
		<dict>
			<key>fileEncoding</key>
			<string>4</string>
			<key>isa</key>
			<string>PBXFileReference</string>
			<key>lastKnownFileType</key>
			<string>sourcecode.swift</string>
			<key>path</key>
			<string>NURE.swift</string>
			<key>sourceTree</key>
			<string>&lt;group&gt;</string>
		</dict>
		<key>BEAAE3FF1C7B7C2D003C90BC</key>
		<dict>
			<key>fileEncoding</key>
			<string>4</string>
			<key>isa</key>
			<string>PBXFileReference</string>
			<key>lastKnownFileType</key>
			<string>sourcecode.swift</string>
			<key>path</key>
			<string>TimetableProvider.swift</string>
			<key>sourceTree</key>
			<string>&lt;group&gt;</string>
		</dict>
		<key>BEAAE4001C7B7C2D003C90BC</key>
		<dict>
			<key>fileEncoding</key>
			<string>4</string>
			<key>isa</key>
			<string>PBXFileReference</string>
			<key>lastKnownFileType</key>
			<string>sourcecode.swift</string>
			<key>path</key>
			<string>GroupsProvider.swift</string>
			<key>sourceTree</key>
			<string>&lt;group&gt;</string>
		</dict>
		<key>BEAAE4011C7B7C2D003C90BC</key>
		<dict>
			<key>fileEncoding</key>
			<string>4</string>
			<key>isa</key>
			<string>PBXFileReference</string>
			<key>lastKnownFileType</key>
			<string>sourcecode.swift</string>
			<key>path</key>
			<string>TeachersProvider.swift</string>
			<key>sourceTree</key>
			<string>&lt;group&gt;</string>
		</dict>
		<key>BEAAE4021C7B7C2D003C90BC</key>
		<dict>
			<key>fileEncoding</key>
			<string>4</string>
			<key>isa</key>
			<string>PBXFileReference</string>
			<key>lastKnownFileType</key>
			<string>sourcecode.swift</string>
			<key>path</key>
			<string>UniversityProvider.swift</string>
			<key>sourceTree</key>
			<string>&lt;group&gt;</string>
		</dict>
		<key>BEAAE4031C7B7C2D003C90BC</key>
		<dict>
			<key>fileEncoding</key>
			<string>4</string>
			<key>isa</key>
			<string>PBXFileReference</string>
			<key>lastKnownFileType</key>
			<string>sourcecode.swift</string>
			<key>path</key>
			<string>Event.swift</string>
			<key>sourceTree</key>
			<string>&lt;group&gt;</string>
		</dict>
		<key>BEAAE4041C7B7C2D003C90BC</key>
		<dict>
			<key>fileEncoding</key>
			<string>4</string>
			<key>isa</key>
			<string>PBXFileReference</string>
			<key>lastKnownFileType</key>
			<string>sourcecode.swift</string>
			<key>path</key>
			<string>Timetable.swift</string>
			<key>sourceTree</key>
			<string>&lt;group&gt;</string>
		</dict>
		<key>BEAAE4051C7B7C2D003C90BC</key>
		<dict>
			<key>fileEncoding</key>
			<string>4</string>
			<key>isa</key>
			<string>PBXFileReference</string>
			<key>lastKnownFileType</key>
			<string>sourcecode.swift</string>
			<key>path</key>
			<string>Subject.swift</string>
			<key>sourceTree</key>
			<string>&lt;group&gt;</string>
		</dict>
		<key>BEAAE4061C7B7C2D003C90BC</key>
		<dict>
			<key>fileEncoding</key>
			<string>4</string>
			<key>isa</key>
			<string>PBXFileReference</string>
			<key>lastKnownFileType</key>
			<string>sourcecode.swift</string>
			<key>path</key>
			<string>Teacher.swift</string>
			<key>sourceTree</key>
			<string>&lt;group&gt;</string>
		</dict>
		<key>BEAAE4071C7B7C2D003C90BC</key>
		<dict>
			<key>fileEncoding</key>
			<string>4</string>
			<key>isa</key>
			<string>PBXFileReference</string>
			<key>lastKnownFileType</key>
			<string>sourcecode.swift</string>
			<key>path</key>
			<string>Group.swift</string>
			<key>sourceTree</key>
			<string>&lt;group&gt;</string>
		</dict>
		<key>BEAAE4081C7B7C2D003C90BC</key>
		<dict>
			<key>fileEncoding</key>
			<string>4</string>
			<key>isa</key>
			<string>PBXFileReference</string>
			<key>lastKnownFileType</key>
			<string>sourcecode.swift</string>
			<key>path</key>
			<string>EventType.swift</string>
			<key>sourceTree</key>
			<string>&lt;group&gt;</string>
		</dict>
		<key>BEAAE4091C7B7C2D003C90BC</key>
		<dict>
			<key>fileEncoding</key>
			<string>4</string>
			<key>isa</key>
			<string>PBXFileReference</string>
			<key>lastKnownFileType</key>
			<string>sourcecode.swift</string>
			<key>path</key>
			<string>Parser.swift</string>
			<key>sourceTree</key>
			<string>&lt;group&gt;</string>
		</dict>
		<key>BEAAE40A1C7B7C2D003C90BC</key>
		<dict>
			<key>fileEncoding</key>
			<string>4</string>
			<key>isa</key>
			<string>PBXFileReference</string>
			<key>lastKnownFileType</key>
			<string>sourcecode.swift</string>
			<key>path</key>
			<string>TimetableParser.swift</string>
			<key>sourceTree</key>
			<string>&lt;group&gt;</string>
		</dict>
		<key>BEAAE40B1C7B7C2D003C90BC</key>
		<dict>
			<key>fileEncoding</key>
			<string>4</string>
			<key>isa</key>
			<string>PBXFileReference</string>
			<key>lastKnownFileType</key>
			<string>sourcecode.swift</string>
			<key>path</key>
			<string>SubjectParser.swift</string>
			<key>sourceTree</key>
			<string>&lt;group&gt;</string>
		</dict>
		<key>BEAAE40C1C7B7C2D003C90BC</key>
		<dict>
			<key>fileEncoding</key>
			<string>4</string>
			<key>isa</key>
			<string>PBXFileReference</string>
			<key>lastKnownFileType</key>
			<string>sourcecode.swift</string>
			<key>path</key>
			<string>TeacherParser.swift</string>
			<key>sourceTree</key>
			<string>&lt;group&gt;</string>
		</dict>
		<key>BEAAE40D1C7B7C2D003C90BC</key>
		<dict>
			<key>fileEncoding</key>
			<string>4</string>
			<key>isa</key>
			<string>PBXFileReference</string>
			<key>lastKnownFileType</key>
			<string>sourcecode.swift</string>
			<key>path</key>
			<string>GroupParser.swift</string>
			<key>sourceTree</key>
			<string>&lt;group&gt;</string>
		</dict>
		<key>BEAAE40E1C7B7C2D003C90BC</key>
		<dict>
			<key>fileEncoding</key>
			<string>4</string>
			<key>isa</key>
			<string>PBXFileReference</string>
			<key>lastKnownFileType</key>
			<string>sourcecode.swift</string>
			<key>path</key>
			<string>EventTypeParser.swift</string>
			<key>sourceTree</key>
			<string>&lt;group&gt;</string>
		</dict>
		<key>BEAAE40F1C7B7C2D003C90BC</key>
		<dict>
			<key>fileEncoding</key>
			<string>4</string>
			<key>isa</key>
			<string>PBXFileReference</string>
			<key>lastKnownFileType</key>
			<string>sourcecode.swift</string>
			<key>path</key>
			<string>DateParser.swift</string>
			<key>sourceTree</key>
			<string>&lt;group&gt;</string>
		</dict>
		<key>BEAAE4161C7B7C2D003C90BC</key>
		<dict>
			<key>fileEncoding</key>
			<string>4</string>
			<key>isa</key>
			<string>PBXFileReference</string>
			<key>lastKnownFileType</key>
			<string>sourcecode.swift</string>
			<key>path</key>
			<string>University.swift</string>
			<key>sourceTree</key>
			<string>&lt;group&gt;</string>
		</dict>
		<key>BEAAE4181C7B7C2D003C90BC</key>
		<dict>
			<key>fileRef</key>
			<string>BEAAE3FD1C7B7C2D003C90BC</string>
			<key>isa</key>
			<string>PBXBuildFile</string>
		</dict>
		<key>BEAAE4191C7B7C2D003C90BC</key>
		<dict>
			<key>fileRef</key>
			<string>BEAAE3FE1C7B7C2D003C90BC</string>
			<key>isa</key>
			<string>PBXBuildFile</string>
		</dict>
		<key>BEAAE41A1C7B7C2D003C90BC</key>
		<dict>
			<key>fileRef</key>
			<string>BEAAE3FF1C7B7C2D003C90BC</string>
			<key>isa</key>
			<string>PBXBuildFile</string>
		</dict>
		<key>BEAAE41E1C7B7C2D003C90BC</key>
		<dict>
			<key>fileRef</key>
			<string>BEAAE4031C7B7C2D003C90BC</string>
			<key>isa</key>
			<string>PBXBuildFile</string>
		</dict>
		<key>BEAAE41F1C7B7C2D003C90BC</key>
		<dict>
			<key>fileRef</key>
			<string>BEAAE4041C7B7C2D003C90BC</string>
			<key>isa</key>
			<string>PBXBuildFile</string>
		</dict>
		<key>BEAAE4201C7B7C2D003C90BC</key>
		<dict>
			<key>fileRef</key>
			<string>BEAAE4051C7B7C2D003C90BC</string>
			<key>isa</key>
			<string>PBXBuildFile</string>
		</dict>
		<key>BEAAE4211C7B7C2D003C90BC</key>
		<dict>
			<key>fileRef</key>
			<string>BEAAE4061C7B7C2D003C90BC</string>
			<key>isa</key>
			<string>PBXBuildFile</string>
		</dict>
		<key>BEAAE4221C7B7C2D003C90BC</key>
		<dict>
			<key>fileRef</key>
			<string>BEAAE4071C7B7C2D003C90BC</string>
			<key>isa</key>
			<string>PBXBuildFile</string>
		</dict>
		<key>BEAAE4231C7B7C2D003C90BC</key>
		<dict>
			<key>fileRef</key>
			<string>BEAAE4081C7B7C2D003C90BC</string>
			<key>isa</key>
			<string>PBXBuildFile</string>
		</dict>
		<key>BEAAE4241C7B7C2D003C90BC</key>
		<dict>
			<key>fileRef</key>
			<string>BEAAE4091C7B7C2D003C90BC</string>
			<key>isa</key>
			<string>PBXBuildFile</string>
		</dict>
		<key>BEAAE4251C7B7C2D003C90BC</key>
		<dict>
			<key>fileRef</key>
			<string>BEAAE40A1C7B7C2D003C90BC</string>
			<key>isa</key>
			<string>PBXBuildFile</string>
		</dict>
		<key>BEAAE4261C7B7C2D003C90BC</key>
		<dict>
			<key>fileRef</key>
			<string>BEAAE40B1C7B7C2D003C90BC</string>
			<key>isa</key>
			<string>PBXBuildFile</string>
		</dict>
		<key>BEAAE4271C7B7C2D003C90BC</key>
		<dict>
			<key>fileRef</key>
			<string>BEAAE40C1C7B7C2D003C90BC</string>
			<key>isa</key>
			<string>PBXBuildFile</string>
		</dict>
		<key>BEAAE4281C7B7C2D003C90BC</key>
		<dict>
			<key>fileRef</key>
			<string>BEAAE40D1C7B7C2D003C90BC</string>
			<key>isa</key>
			<string>PBXBuildFile</string>
		</dict>
		<key>BEAAE4291C7B7C2D003C90BC</key>
		<dict>
			<key>fileRef</key>
			<string>BEAAE40E1C7B7C2D003C90BC</string>
			<key>isa</key>
			<string>PBXBuildFile</string>
		</dict>
		<key>BEAAE42A1C7B7C2D003C90BC</key>
		<dict>
			<key>fileRef</key>
			<string>BEAAE40F1C7B7C2D003C90BC</string>
			<key>isa</key>
			<string>PBXBuildFile</string>
		</dict>
		<key>BEAAE4311C7B7C2D003C90BC</key>
		<dict>
			<key>fileRef</key>
			<string>BEAAE4161C7B7C2D003C90BC</string>
			<key>isa</key>
			<string>PBXBuildFile</string>
		</dict>
		<key>BEAAE4321C7B7C3C003C90BC</key>
		<dict>
			<key>fileEncoding</key>
			<string>4</string>
			<key>isa</key>
			<string>PBXFileReference</string>
			<key>lastKnownFileType</key>
			<string>sourcecode.swift</string>
			<key>path</key>
			<string>NURETests.swift</string>
			<key>sourceTree</key>
			<string>&lt;group&gt;</string>
		</dict>
		<key>BEAAE4331C7B7C3C003C90BC</key>
		<dict>
			<key>fileEncoding</key>
			<string>4</string>
			<key>isa</key>
			<string>PBXFileReference</string>
			<key>lastKnownFileType</key>
			<string>sourcecode.swift</string>
			<key>path</key>
			<string>NUREAPITests.swift</string>
			<key>sourceTree</key>
			<string>&lt;group&gt;</string>
		</dict>
		<key>BEAAE4341C7B7C3C003C90BC</key>
		<dict>
			<key>fileEncoding</key>
			<string>4</string>
			<key>isa</key>
			<string>PBXFileReference</string>
			<key>lastKnownFileType</key>
			<string>sourcecode.swift</string>
			<key>path</key>
			<string>GroupsProviderTests.swift</string>
			<key>sourceTree</key>
			<string>&lt;group&gt;</string>
		</dict>
		<key>BEAAE4351C7B7C3C003C90BC</key>
		<dict>
			<key>fileEncoding</key>
			<string>4</string>
			<key>isa</key>
			<string>PBXFileReference</string>
			<key>lastKnownFileType</key>
			<string>sourcecode.swift</string>
			<key>path</key>
			<string>TimetableProviderTests.swift</string>
			<key>sourceTree</key>
			<string>&lt;group&gt;</string>
		</dict>
		<key>BEAAE4361C7B7C3C003C90BC</key>
		<dict>
			<key>fileEncoding</key>
			<string>4</string>
			<key>isa</key>
			<string>PBXFileReference</string>
			<key>lastKnownFileType</key>
			<string>sourcecode.swift</string>
			<key>path</key>
			<string>TeachersProviderTests.swift</string>
			<key>sourceTree</key>
			<string>&lt;group&gt;</string>
		</dict>
		<key>BEAAE4371C7B7C3C003C90BC</key>
		<dict>
			<key>fileEncoding</key>
			<string>4</string>
			<key>isa</key>
			<string>PBXFileReference</string>
			<key>lastKnownFileType</key>
			<string>sourcecode.swift</string>
			<key>path</key>
			<string>UniversityProviderTests.swift</string>
			<key>sourceTree</key>
			<string>&lt;group&gt;</string>
		</dict>
		<key>BEAAE4381C7B7C3C003C90BC</key>
		<dict>
			<key>fileRef</key>
			<string>BEAAE4321C7B7C3C003C90BC</string>
			<key>isa</key>
			<string>PBXBuildFile</string>
		</dict>
		<key>BEAAE4391C7B7C3C003C90BC</key>
		<dict>
			<key>fileRef</key>
			<string>BEAAE4331C7B7C3C003C90BC</string>
			<key>isa</key>
			<string>PBXBuildFile</string>
		</dict>
		<key>BEAAE43B1C7B7C3C003C90BC</key>
		<dict>
			<key>fileRef</key>
			<string>BEAAE4351C7B7C3C003C90BC</string>
			<key>isa</key>
			<string>PBXBuildFile</string>
		</dict>
		<key>BEAAE43E1C7B7C50003C90BC</key>
		<dict>
			<key>children</key>
			<array>
				<string>BEAAE3FD1C7B7C2D003C90BC</string>
				<string>BE3645431C85B3CD006C23AD</string>
				<string>BEAAE3FE1C7B7C2D003C90BC</string>
				<string>BE080C2A1C8711340019966A</string>
			</array>
			<key>isa</key>
			<string>PBXGroup</string>
			<key>path</key>
			<string>Administrative</string>
			<key>sourceTree</key>
			<string>&lt;group&gt;</string>
		</dict>
		<key>BEAAE43F1C7B7C57003C90BC</key>
		<dict>
			<key>children</key>
			<array>
				<string>BEAAE3FF1C7B7C2D003C90BC</string>
				<string>BEAAE4001C7B7C2D003C90BC</string>
				<string>BEAAE4011C7B7C2D003C90BC</string>
				<string>BEAAE4021C7B7C2D003C90BC</string>
			</array>
			<key>isa</key>
			<string>PBXGroup</string>
			<key>path</key>
			<string>Providers</string>
			<key>sourceTree</key>
			<string>&lt;group&gt;</string>
		</dict>
		<key>BEAAE4401C7B7C5E003C90BC</key>
		<dict>
			<key>children</key>
			<array>
				<string>BEAAE4031C7B7C2D003C90BC</string>
				<string>BEAAE4041C7B7C2D003C90BC</string>
				<string>BEAAE4051C7B7C2D003C90BC</string>
				<string>BEAAE4061C7B7C2D003C90BC</string>
				<string>BEAAE4071C7B7C2D003C90BC</string>
				<string>BEAAE4081C7B7C2D003C90BC</string>
			</array>
			<key>isa</key>
			<string>PBXGroup</string>
			<key>path</key>
			<string>Model</string>
			<key>sourceTree</key>
			<string>&lt;group&gt;</string>
		</dict>
		<key>BEAAE4411C7B7C67003C90BC</key>
		<dict>
			<key>children</key>
			<array>
				<string>BEAAE4091C7B7C2D003C90BC</string>
				<string>BEAAE40A1C7B7C2D003C90BC</string>
				<string>BEAAE40B1C7B7C2D003C90BC</string>
				<string>BEAAE40C1C7B7C2D003C90BC</string>
				<string>BEAAE40D1C7B7C2D003C90BC</string>
				<string>BEAAE40E1C7B7C2D003C90BC</string>
				<string>BEAAE40F1C7B7C2D003C90BC</string>
				<string>BE080C211C86FE280019966A</string>
				<string>BE080C231C87020B0019966A</string>
			</array>
			<key>isa</key>
			<string>PBXGroup</string>
			<key>path</key>
			<string>Parsers</string>
			<key>sourceTree</key>
			<string>&lt;group&gt;</string>
		</dict>
		<key>BEAAE4711C7B9954003C90BC</key>
		<dict>
			<key>buildActionMask</key>
			<string>2147483647</string>
			<key>dstPath</key>
			<string></string>
			<key>dstSubfolderSpec</key>
			<string>10</string>
			<key>files</key>
			<array>
				<string>BE080C181C86F0DA0019966A</string>
			</array>
			<key>isa</key>
			<string>PBXCopyFilesBuildPhase</string>
			<key>runOnlyForDeploymentPostprocessing</key>
			<string>0</string>
		</dict>
		<key>BEAAE4761C7B99DE003C90BC</key>
		<dict>
			<key>buildActionMask</key>
			<string>2147483647</string>
			<key>dstPath</key>
			<string></string>
			<key>dstSubfolderSpec</key>
			<string>10</string>
			<key>files</key>
			<array>
				<string>BE080C1A1C86FD0C0019966A</string>
			</array>
			<key>isa</key>
			<string>PBXCopyFilesBuildPhase</string>
			<key>runOnlyForDeploymentPostprocessing</key>
			<string>0</string>
		</dict>
		<key>BEF2D7D91CA53BCC00172582</key>
		<dict>
			<key>children</key>
			<array>
				<string>BEAAE43E1C7B7C50003C90BC</string>
				<string>BEAAE43F1C7B7C57003C90BC</string>
				<string>BEAAE4401C7B7C5E003C90BC</string>
				<string>BEAAE4411C7B7C67003C90BC</string>
				<string>BEAAE4161C7B7C2D003C90BC</string>
			</array>
			<key>isa</key>
			<string>PBXGroup</string>
			<key>path</key>
			<string>SwiftyNURE</string>
			<key>sourceTree</key>
			<string>&lt;group&gt;</string>
		</dict>
	</dict>
	<key>rootObject</key>
	<string>BEAAE3D91C7B7BFA003C90BC</string>
</dict>
</plist>
